// !$*UTF8*$!
{
	archiveVersion = 1;
	classes = {
	};
	objectVersion = 50;
	objects = {

/* Begin PBXBuildFile section */
		405E73E13BC44114DFD156E5 /* Pods_seven_tea.framework in Frameworks */ = {isa = PBXBuildFile; fileRef = F156A33D2D853E29BDEB8C00 /* Pods_seven_tea.framework */; };
		84316BFD240E4EC3002CD226 /* MemberInfoApi.swift in Sources */ = {isa = PBXBuildFile; fileRef = 84316BFC240E4EC3002CD226 /* MemberInfoApi.swift */; };
		84316BFF240E4FB4002CD226 /* MemberInfoCodable.swift in Sources */ = {isa = PBXBuildFile; fileRef = 84316BFE240E4FB4002CD226 /* MemberInfoCodable.swift */; };
		84316C02240E5CFF002CD226 /* AllList.swift in Sources */ = {isa = PBXBuildFile; fileRef = 84316C01240E5CFF002CD226 /* AllList.swift */; };
		84316C092410D0A9002CD226 /* AccountFomationViewController.swift in Sources */ = {isa = PBXBuildFile; fileRef = 84316C082410D0A9002CD226 /* AccountFomationViewController.swift */; };
		84316C0F2411FB72002CD226 /* MyFavoriteTableViewCell.swift in Sources */ = {isa = PBXBuildFile; fileRef = 84316C0E2411FB72002CD226 /* MyFavoriteTableViewCell.swift */; };
		84316C1124124600002CD226 /* FrequentlyAskedQuestionsViewController.swift in Sources */ = {isa = PBXBuildFile; fileRef = 84316C1024124600002CD226 /* FrequentlyAskedQuestionsViewController.swift */; };
		84C2E2AB23EBDD7F008AB33F /* ForgerPasswordSmsApi.swift in Sources */ = {isa = PBXBuildFile; fileRef = 84C2E2AA23EBDD7F008AB33F /* ForgerPasswordSmsApi.swift */; };
		84C2E2AD23EBDE93008AB33F /* ForgotPasswordSmsCodable.swift in Sources */ = {isa = PBXBuildFile; fileRef = 84C2E2AC23EBDE93008AB33F /* ForgotPasswordSmsCodable.swift */; };
		84C2E2AF23EBE084008AB33F /* SendResetForgotPasswordApi.swift in Sources */ = {isa = PBXBuildFile; fileRef = 84C2E2AE23EBE084008AB33F /* SendResetForgotPasswordApi.swift */; };
		84C2E2B123EBE8B1008AB33F /* SendResetForgotPasswordCodable.swift in Sources */ = {isa = PBXBuildFile; fileRef = 84C2E2B023EBE8B1008AB33F /* SendResetForgotPasswordCodable.swift */; };
		84C2E2B323EBEB5B008AB33F /* ResetPasswordApi.swift in Sources */ = {isa = PBXBuildFile; fileRef = 84C2E2B223EBEB5B008AB33F /* ResetPasswordApi.swift */; };
		84C2E2B523EBF0A3008AB33F /* ResetPasswordCodable.swift in Sources */ = {isa = PBXBuildFile; fileRef = 84C2E2B423EBF0A3008AB33F /* ResetPasswordCodable.swift */; };
		84C2E2B823EBF921008AB33F /* ForgotPasswordViewController.swift in Sources */ = {isa = PBXBuildFile; fileRef = 84C2E2B723EBF921008AB33F /* ForgotPasswordViewController.swift */; };
		84C2E2BB23ED26A7008AB33F /* ResetPasswordViewController.swift in Sources */ = {isa = PBXBuildFile; fileRef = 84C2E2BA23ED26A7008AB33F /* ResetPasswordViewController.swift */; };
		84EEC5CC23D1C314005627FF /* AppDelegate.swift in Sources */ = {isa = PBXBuildFile; fileRef = 84EEC5CB23D1C314005627FF /* AppDelegate.swift */; };
		84EEC5CE23D1C314005627FF /* SceneDelegate.swift in Sources */ = {isa = PBXBuildFile; fileRef = 84EEC5CD23D1C314005627FF /* SceneDelegate.swift */; };
		84EEC5D023D1C314005627FF /* ViewController.swift in Sources */ = {isa = PBXBuildFile; fileRef = 84EEC5CF23D1C314005627FF /* ViewController.swift */; };
		84EEC5D523D1C315005627FF /* Assets.xcassets in Resources */ = {isa = PBXBuildFile; fileRef = 84EEC5D423D1C315005627FF /* Assets.xcassets */; };
		84EEC5D823D1C315005627FF /* LaunchScreen.storyboard in Resources */ = {isa = PBXBuildFile; fileRef = 84EEC5D623D1C315005627FF /* LaunchScreen.storyboard */; };
		84EEC5EC23D410B8005627FF /* MemberRegisterSmsCodable.swift in Sources */ = {isa = PBXBuildFile; fileRef = 84EEC5EB23D410B8005627FF /* MemberRegisterSmsCodable.swift */; };
		84EEC5F423D4127C005627FF /* UserInfo.swift in Sources */ = {isa = PBXBuildFile; fileRef = 84EEC5F323D4127C005627FF /* UserInfo.swift */; };
		84EEC5F623D412AF005627FF /* AccountCodable.swift in Sources */ = {isa = PBXBuildFile; fileRef = 84EEC5F523D412AF005627FF /* AccountCodable.swift */; };
		84EEC5F823D412BB005627FF /* Account.swift in Sources */ = {isa = PBXBuildFile; fileRef = 84EEC5F723D412BB005627FF /* Account.swift */; };
		84EEC5FA23D412C9005627FF /* AccountApi.swift in Sources */ = {isa = PBXBuildFile; fileRef = 84EEC5F923D412C9005627FF /* AccountApi.swift */; };
		84EEC5FE23D4131D005627FF /* Home.storyboard in Resources */ = {isa = PBXBuildFile; fileRef = 84EEC5FD23D4131D005627FF /* Home.storyboard */; };
		84EEC60223D4134B005627FF /* MemberCenter.storyboard in Resources */ = {isa = PBXBuildFile; fileRef = 84EEC60123D4134B005627FF /* MemberCenter.storyboard */; };
		84EEC60523D41483005627FF /* MenberCenterViewController.swift in Sources */ = {isa = PBXBuildFile; fileRef = 84EEC60423D41483005627FF /* MenberCenterViewController.swift */; };
		84EEC60D23D41503005627FF /* MyFavoriteViewController.swift in Sources */ = {isa = PBXBuildFile; fileRef = 84EEC60C23D41503005627FF /* MyFavoriteViewController.swift */; };
		84EEC61323D4155C005627FF /* FrequentlyAskedQuestionsApi.swift in Sources */ = {isa = PBXBuildFile; fileRef = 84EEC61223D4155C005627FF /* FrequentlyAskedQuestionsApi.swift */; };
		84EEC61523D4156F005627FF /* FrequentlyAskedQuestionsCodable.swift in Sources */ = {isa = PBXBuildFile; fileRef = 84EEC61423D4156F005627FF /* FrequentlyAskedQuestionsCodable.swift */; };
		84EEC61723D41586005627FF /* FrequentlyAskedQuestions.swift in Sources */ = {isa = PBXBuildFile; fileRef = 84EEC61623D41586005627FF /* FrequentlyAskedQuestions.swift */; };
		84EEC61923D415A8005627FF /* MyFavoriteApi.swift in Sources */ = {isa = PBXBuildFile; fileRef = 84EEC61823D415A8005627FF /* MyFavoriteApi.swift */; };
		84EEC61B23D415B5005627FF /* MyFavoriteCodable.swift in Sources */ = {isa = PBXBuildFile; fileRef = 84EEC61A23D415B5005627FF /* MyFavoriteCodable.swift */; };
		84EEC61D23D415CB005627FF /* MyFavorite.swift in Sources */ = {isa = PBXBuildFile; fileRef = 84EEC61C23D415CB005627FF /* MyFavorite.swift */; };
		84EEC62623D4215C005627FF /* getLoginMessage.swift in Sources */ = {isa = PBXBuildFile; fileRef = 84EEC62523D4215C005627FF /* getLoginMessage.swift */; };
		84EEC62823D4216C005627FF /* SingUpModelController.swift in Sources */ = {isa = PBXBuildFile; fileRef = 84EEC62723D4216C005627FF /* SingUpModelController.swift */; };
		84EEC62D23D421EE005627FF /* AccountinfomationModelController.swift in Sources */ = {isa = PBXBuildFile; fileRef = 84EEC62C23D421EE005627FF /* AccountinfomationModelController.swift */; };
		84EEC62F23D4220D005627FF /* MyFavoriteModelController.swift in Sources */ = {isa = PBXBuildFile; fileRef = 84EEC62E23D4220D005627FF /* MyFavoriteModelController.swift */; };
		84EEC63123D4222E005627FF /* FrequentlyAskedQuestionsModelController.swift in Sources */ = {isa = PBXBuildFile; fileRef = 84EEC63023D4222E005627FF /* FrequentlyAskedQuestionsModelController.swift */; };
		84EEC63A23D493D0005627FF /* ApiUrl.swift in Sources */ = {isa = PBXBuildFile; fileRef = 84EEC63923D493D0005627FF /* ApiUrl.swift */; };
		84EEC63F23D537D1005627FF /* Menu.storyboard in Resources */ = {isa = PBXBuildFile; fileRef = 84EEC63E23D537D1005627FF /* Menu.storyboard */; };
		84EEC64123D537FC005627FF /* Order.storyboard in Resources */ = {isa = PBXBuildFile; fileRef = 84EEC64023D537FC005627FF /* Order.storyboard */; };
		84EEC64323D5388C005627FF /* ShoppingCart.storyboard in Resources */ = {isa = PBXBuildFile; fileRef = 84EEC64223D5388C005627FF /* ShoppingCart.storyboard */; };
		84EEC64823D68429005627FF /* Location.swift in Sources */ = {isa = PBXBuildFile; fileRef = 84EEC64723D68429005627FF /* Location.swift */; };
		84F7C88023E5E9D70097EAD0 /* Regex.swift in Sources */ = {isa = PBXBuildFile; fileRef = 84F7C87F23E5E9D70097EAD0 /* Regex.swift */; };
		84F7C88523E7FE460097EAD0 /* MessageAlert.swift in Sources */ = {isa = PBXBuildFile; fileRef = 84F7C88423E7FE460097EAD0 /* MessageAlert.swift */; };
		84F7C88B23EA91A60097EAD0 /* Animate.swift in Sources */ = {isa = PBXBuildFile; fileRef = 84F7C88A23EA91A60097EAD0 /* Animate.swift */; };
		84F7C88D23EAD19F0097EAD0 /* LogInViewController.swift in Sources */ = {isa = PBXBuildFile; fileRef = 84F7C88C23EAD19F0097EAD0 /* LogInViewController.swift */; };
		84F7C89023EAD1C90097EAD0 /* LoginApi.swift in Sources */ = {isa = PBXBuildFile; fileRef = 84F7C88E23EAD1C90097EAD0 /* LoginApi.swift */; };
		84F7C89123EAD1C90097EAD0 /* LoginCodable.swift in Sources */ = {isa = PBXBuildFile; fileRef = 84F7C88F23EAD1C90097EAD0 /* LoginCodable.swift */; };
		84FADF1923F66A7F00C824C6 /* MemberRegiseterSmsApi.swift in Sources */ = {isa = PBXBuildFile; fileRef = 84FADF1823F66A7F00C824C6 /* MemberRegiseterSmsApi.swift */; };
		84FADF1B23F66CBE00C824C6 /* MemberRegisterInfoCodable.swift in Sources */ = {isa = PBXBuildFile; fileRef = 84FADF1A23F66CBE00C824C6 /* MemberRegisterInfoCodable.swift */; };
		84FADF1D23F66E9200C824C6 /* MemberRegistrtCodable.swift in Sources */ = {isa = PBXBuildFile; fileRef = 84FADF1C23F66E9200C824C6 /* MemberRegistrtCodable.swift */; };
		84FADF1F23F66FDA00C824C6 /* SendMemberRegisterInfoApi.swift in Sources */ = {isa = PBXBuildFile; fileRef = 84FADF1E23F66FDA00C824C6 /* SendMemberRegisterInfoApi.swift */; };
		84FADF2123F6712800C824C6 /* SendMemberRegistrApi.swift in Sources */ = {isa = PBXBuildFile; fileRef = 84FADF2023F6712700C824C6 /* SendMemberRegistrApi.swift */; };
		84FADF2423F674B400C824C6 /* VerificationCodeTimer.swift in Sources */ = {isa = PBXBuildFile; fileRef = 84FADF2323F674B400C824C6 /* VerificationCodeTimer.swift */; };
		84FADF2623F675D200C824C6 /* SendMemberRegisterInfoViewController.swift in Sources */ = {isa = PBXBuildFile; fileRef = 84FADF2523F675D200C824C6 /* SendMemberRegisterInfoViewController.swift */; };
		84FADF2823F6775600C824C6 /* MemberRegiseterViewController.swift in Sources */ = {isa = PBXBuildFile; fileRef = 84FADF2723F6775600C824C6 /* MemberRegiseterViewController.swift */; };
		84FADF2C23F678B600C824C6 /* SendMemberRegistrViewController.swift in Sources */ = {isa = PBXBuildFile; fileRef = 84FADF2B23F678B600C824C6 /* SendMemberRegistrViewController.swift */; };
		84FADF3123F78AB300C824C6 /* RegexMessage.swift in Sources */ = {isa = PBXBuildFile; fileRef = 84FADF3023F78AB300C824C6 /* RegexMessage.swift */; };
		84FADF3523F7CAB400C824C6 /* UIelementsController.swift in Sources */ = {isa = PBXBuildFile; fileRef = 84FADF3423F7CAB400C824C6 /* UIelementsController.swift */; };
		84FADF4623FE88CE00C824C6 /* AppOverAllStyle.swift in Sources */ = {isa = PBXBuildFile; fileRef = 84FADF4523FE88CE00C824C6 /* AppOverAllStyle.swift */; };
		84FADF4923FE8B0100C824C6 /* JumpPage.swift in Sources */ = {isa = PBXBuildFile; fileRef = 84FADF4823FE8B0100C824C6 /* JumpPage.swift */; };
		84FADF4C23FE8B4E00C824C6 /* PredicatesFunc.swift in Sources */ = {isa = PBXBuildFile; fileRef = 84FADF4B23FE8B4E00C824C6 /* PredicatesFunc.swift */; };
		84FADF4E23FE8B9500C824C6 /* GetMemberRegisterMessage.swift in Sources */ = {isa = PBXBuildFile; fileRef = 84FADF4D23FE8B9500C824C6 /* GetMemberRegisterMessage.swift */; };
		84FADF5023FE8F9600C824C6 /* Main.storyboard in Resources */ = {isa = PBXBuildFile; fileRef = 84FADF4F23FE8F9600C824C6 /* Main.storyboard */; };
/* End PBXBuildFile section */

/* Begin PBXFileReference section */
		34C1A446550C46E86D532640 /* Pods-seven_tea.release.xcconfig */ = {isa = PBXFileReference; includeInIndex = 1; lastKnownFileType = text.xcconfig; name = "Pods-seven_tea.release.xcconfig"; path = "Target Support Files/Pods-seven_tea/Pods-seven_tea.release.xcconfig"; sourceTree = "<group>"; };
		84316BFC240E4EC3002CD226 /* MemberInfoApi.swift */ = {isa = PBXFileReference; lastKnownFileType = sourcecode.swift; path = MemberInfoApi.swift; sourceTree = "<group>"; };
		84316BFE240E4FB4002CD226 /* MemberInfoCodable.swift */ = {isa = PBXFileReference; lastKnownFileType = sourcecode.swift; path = MemberInfoCodable.swift; sourceTree = "<group>"; };
		84316C01240E5CFF002CD226 /* AllList.swift */ = {isa = PBXFileReference; lastKnownFileType = sourcecode.swift; path = AllList.swift; sourceTree = "<group>"; };
		84316C082410D0A9002CD226 /* AccountFomationViewController.swift */ = {isa = PBXFileReference; lastKnownFileType = sourcecode.swift; path = AccountFomationViewController.swift; sourceTree = "<group>"; };
		84316C0E2411FB72002CD226 /* MyFavoriteTableViewCell.swift */ = {isa = PBXFileReference; lastKnownFileType = sourcecode.swift; path = MyFavoriteTableViewCell.swift; sourceTree = "<group>"; };
		84316C1024124600002CD226 /* FrequentlyAskedQuestionsViewController.swift */ = {isa = PBXFileReference; lastKnownFileType = sourcecode.swift; path = FrequentlyAskedQuestionsViewController.swift; sourceTree = "<group>"; };
		84C2E2AA23EBDD7F008AB33F /* ForgerPasswordSmsApi.swift */ = {isa = PBXFileReference; lastKnownFileType = sourcecode.swift; path = ForgerPasswordSmsApi.swift; sourceTree = "<group>"; };
		84C2E2AC23EBDE93008AB33F /* ForgotPasswordSmsCodable.swift */ = {isa = PBXFileReference; lastKnownFileType = sourcecode.swift; path = ForgotPasswordSmsCodable.swift; sourceTree = "<group>"; };
		84C2E2AE23EBE084008AB33F /* SendResetForgotPasswordApi.swift */ = {isa = PBXFileReference; lastKnownFileType = sourcecode.swift; path = SendResetForgotPasswordApi.swift; sourceTree = "<group>"; };
		84C2E2B023EBE8B1008AB33F /* SendResetForgotPasswordCodable.swift */ = {isa = PBXFileReference; lastKnownFileType = sourcecode.swift; path = SendResetForgotPasswordCodable.swift; sourceTree = "<group>"; };
		84C2E2B223EBEB5B008AB33F /* ResetPasswordApi.swift */ = {isa = PBXFileReference; lastKnownFileType = sourcecode.swift; path = ResetPasswordApi.swift; sourceTree = "<group>"; };
		84C2E2B423EBF0A3008AB33F /* ResetPasswordCodable.swift */ = {isa = PBXFileReference; lastKnownFileType = sourcecode.swift; path = ResetPasswordCodable.swift; sourceTree = "<group>"; };
		84C2E2B723EBF921008AB33F /* ForgotPasswordViewController.swift */ = {isa = PBXFileReference; lastKnownFileType = sourcecode.swift; path = ForgotPasswordViewController.swift; sourceTree = "<group>"; };
		84C2E2BA23ED26A7008AB33F /* ResetPasswordViewController.swift */ = {isa = PBXFileReference; lastKnownFileType = sourcecode.swift; path = ResetPasswordViewController.swift; sourceTree = "<group>"; };
		84EEC5C823D1C314005627FF /* seven_tea.app */ = {isa = PBXFileReference; explicitFileType = wrapper.application; includeInIndex = 0; path = seven_tea.app; sourceTree = BUILT_PRODUCTS_DIR; };
		84EEC5CB23D1C314005627FF /* AppDelegate.swift */ = {isa = PBXFileReference; lastKnownFileType = sourcecode.swift; path = AppDelegate.swift; sourceTree = "<group>"; };
		84EEC5CD23D1C314005627FF /* SceneDelegate.swift */ = {isa = PBXFileReference; lastKnownFileType = sourcecode.swift; path = SceneDelegate.swift; sourceTree = "<group>"; };
		84EEC5CF23D1C314005627FF /* ViewController.swift */ = {isa = PBXFileReference; lastKnownFileType = sourcecode.swift; path = ViewController.swift; sourceTree = "<group>"; };
		84EEC5D423D1C315005627FF /* Assets.xcassets */ = {isa = PBXFileReference; lastKnownFileType = folder.assetcatalog; path = Assets.xcassets; sourceTree = "<group>"; };
		84EEC5D723D1C315005627FF /* Base */ = {isa = PBXFileReference; lastKnownFileType = file.storyboard; name = Base; path = Base.lproj/LaunchScreen.storyboard; sourceTree = "<group>"; };
		84EEC5D923D1C315005627FF /* Info.plist */ = {isa = PBXFileReference; lastKnownFileType = text.plist.xml; path = Info.plist; sourceTree = "<group>"; };
		84EEC5EB23D410B8005627FF /* MemberRegisterSmsCodable.swift */ = {isa = PBXFileReference; lastKnownFileType = sourcecode.swift; path = MemberRegisterSmsCodable.swift; sourceTree = "<group>"; };
		84EEC5F323D4127C005627FF /* UserInfo.swift */ = {isa = PBXFileReference; lastKnownFileType = sourcecode.swift; path = UserInfo.swift; sourceTree = "<group>"; };
		84EEC5F523D412AF005627FF /* AccountCodable.swift */ = {isa = PBXFileReference; lastKnownFileType = sourcecode.swift; path = AccountCodable.swift; sourceTree = "<group>"; };
		84EEC5F723D412BB005627FF /* Account.swift */ = {isa = PBXFileReference; lastKnownFileType = sourcecode.swift; path = Account.swift; sourceTree = "<group>"; };
		84EEC5F923D412C9005627FF /* AccountApi.swift */ = {isa = PBXFileReference; lastKnownFileType = sourcecode.swift; path = AccountApi.swift; sourceTree = "<group>"; };
		84EEC5FD23D4131D005627FF /* Home.storyboard */ = {isa = PBXFileReference; lastKnownFileType = file.storyboard; path = Home.storyboard; sourceTree = "<group>"; };
		84EEC60123D4134B005627FF /* MemberCenter.storyboard */ = {isa = PBXFileReference; lastKnownFileType = file.storyboard; path = MemberCenter.storyboard; sourceTree = "<group>"; };
		84EEC60423D41483005627FF /* MenberCenterViewController.swift */ = {isa = PBXFileReference; lastKnownFileType = sourcecode.swift; path = MenberCenterViewController.swift; sourceTree = "<group>"; };
		84EEC60C23D41503005627FF /* MyFavoriteViewController.swift */ = {isa = PBXFileReference; lastKnownFileType = sourcecode.swift; path = MyFavoriteViewController.swift; sourceTree = "<group>"; };
		84EEC61223D4155C005627FF /* FrequentlyAskedQuestionsApi.swift */ = {isa = PBXFileReference; lastKnownFileType = sourcecode.swift; path = FrequentlyAskedQuestionsApi.swift; sourceTree = "<group>"; };
		84EEC61423D4156F005627FF /* FrequentlyAskedQuestionsCodable.swift */ = {isa = PBXFileReference; lastKnownFileType = sourcecode.swift; path = FrequentlyAskedQuestionsCodable.swift; sourceTree = "<group>"; };
		84EEC61623D41586005627FF /* FrequentlyAskedQuestions.swift */ = {isa = PBXFileReference; lastKnownFileType = sourcecode.swift; path = FrequentlyAskedQuestions.swift; sourceTree = "<group>"; };
		84EEC61823D415A8005627FF /* MyFavoriteApi.swift */ = {isa = PBXFileReference; lastKnownFileType = sourcecode.swift; path = MyFavoriteApi.swift; sourceTree = "<group>"; };
		84EEC61A23D415B5005627FF /* MyFavoriteCodable.swift */ = {isa = PBXFileReference; lastKnownFileType = sourcecode.swift; path = MyFavoriteCodable.swift; sourceTree = "<group>"; };
		84EEC61C23D415CB005627FF /* MyFavorite.swift */ = {isa = PBXFileReference; lastKnownFileType = sourcecode.swift; path = MyFavorite.swift; sourceTree = "<group>"; };
		84EEC62523D4215C005627FF /* getLoginMessage.swift */ = {isa = PBXFileReference; lastKnownFileType = sourcecode.swift; path = getLoginMessage.swift; sourceTree = "<group>"; };
		84EEC62723D4216C005627FF /* SingUpModelController.swift */ = {isa = PBXFileReference; lastKnownFileType = sourcecode.swift; path = SingUpModelController.swift; sourceTree = "<group>"; };
		84EEC62C23D421EE005627FF /* AccountinfomationModelController.swift */ = {isa = PBXFileReference; lastKnownFileType = sourcecode.swift; path = AccountinfomationModelController.swift; sourceTree = "<group>"; };
		84EEC62E23D4220D005627FF /* MyFavoriteModelController.swift */ = {isa = PBXFileReference; lastKnownFileType = sourcecode.swift; path = MyFavoriteModelController.swift; sourceTree = "<group>"; };
		84EEC63023D4222E005627FF /* FrequentlyAskedQuestionsModelController.swift */ = {isa = PBXFileReference; lastKnownFileType = sourcecode.swift; path = FrequentlyAskedQuestionsModelController.swift; sourceTree = "<group>"; };
		84EEC63923D493D0005627FF /* ApiUrl.swift */ = {isa = PBXFileReference; lastKnownFileType = sourcecode.swift; path = ApiUrl.swift; sourceTree = "<group>"; };
		84EEC63E23D537D1005627FF /* Menu.storyboard */ = {isa = PBXFileReference; lastKnownFileType = file.storyboard; path = Menu.storyboard; sourceTree = "<group>"; };
		84EEC64023D537FC005627FF /* Order.storyboard */ = {isa = PBXFileReference; lastKnownFileType = file.storyboard; path = Order.storyboard; sourceTree = "<group>"; };
		84EEC64223D5388C005627FF /* ShoppingCart.storyboard */ = {isa = PBXFileReference; lastKnownFileType = file.storyboard; path = ShoppingCart.storyboard; sourceTree = "<group>"; };
		84EEC64723D68429005627FF /* Location.swift */ = {isa = PBXFileReference; lastKnownFileType = sourcecode.swift; path = Location.swift; sourceTree = "<group>"; };
		84F7C87F23E5E9D70097EAD0 /* Regex.swift */ = {isa = PBXFileReference; lastKnownFileType = sourcecode.swift; path = Regex.swift; sourceTree = "<group>"; };
		84F7C88423E7FE460097EAD0 /* MessageAlert.swift */ = {isa = PBXFileReference; lastKnownFileType = sourcecode.swift; path = MessageAlert.swift; sourceTree = "<group>"; };
		84F7C88A23EA91A60097EAD0 /* Animate.swift */ = {isa = PBXFileReference; lastKnownFileType = sourcecode.swift; path = Animate.swift; sourceTree = "<group>"; };
		84F7C88C23EAD19F0097EAD0 /* LogInViewController.swift */ = {isa = PBXFileReference; fileEncoding = 4; lastKnownFileType = sourcecode.swift; path = LogInViewController.swift; sourceTree = "<group>"; };
		84F7C88E23EAD1C90097EAD0 /* LoginApi.swift */ = {isa = PBXFileReference; fileEncoding = 4; lastKnownFileType = sourcecode.swift; path = LoginApi.swift; sourceTree = "<group>"; };
		84F7C88F23EAD1C90097EAD0 /* LoginCodable.swift */ = {isa = PBXFileReference; fileEncoding = 4; lastKnownFileType = sourcecode.swift; path = LoginCodable.swift; sourceTree = "<group>"; };
		84FADF1823F66A7F00C824C6 /* MemberRegiseterSmsApi.swift */ = {isa = PBXFileReference; fileEncoding = 4; lastKnownFileType = sourcecode.swift; path = MemberRegiseterSmsApi.swift; sourceTree = "<group>"; };
		84FADF1A23F66CBE00C824C6 /* MemberRegisterInfoCodable.swift */ = {isa = PBXFileReference; fileEncoding = 4; lastKnownFileType = sourcecode.swift; path = MemberRegisterInfoCodable.swift; sourceTree = "<group>"; };
		84FADF1C23F66E9200C824C6 /* MemberRegistrtCodable.swift */ = {isa = PBXFileReference; fileEncoding = 4; lastKnownFileType = sourcecode.swift; path = MemberRegistrtCodable.swift; sourceTree = "<group>"; };
		84FADF1E23F66FDA00C824C6 /* SendMemberRegisterInfoApi.swift */ = {isa = PBXFileReference; fileEncoding = 4; lastKnownFileType = sourcecode.swift; path = SendMemberRegisterInfoApi.swift; sourceTree = "<group>"; };
		84FADF2023F6712700C824C6 /* SendMemberRegistrApi.swift */ = {isa = PBXFileReference; fileEncoding = 4; lastKnownFileType = sourcecode.swift; path = SendMemberRegistrApi.swift; sourceTree = "<group>"; };
		84FADF2323F674B400C824C6 /* VerificationCodeTimer.swift */ = {isa = PBXFileReference; fileEncoding = 4; lastKnownFileType = sourcecode.swift; path = VerificationCodeTimer.swift; sourceTree = "<group>"; };
		84FADF2523F675D200C824C6 /* SendMemberRegisterInfoViewController.swift */ = {isa = PBXFileReference; fileEncoding = 4; lastKnownFileType = sourcecode.swift; path = SendMemberRegisterInfoViewController.swift; sourceTree = "<group>"; };
		84FADF2723F6775600C824C6 /* MemberRegiseterViewController.swift */ = {isa = PBXFileReference; fileEncoding = 4; lastKnownFileType = sourcecode.swift; path = MemberRegiseterViewController.swift; sourceTree = "<group>"; };
		84FADF2B23F678B600C824C6 /* SendMemberRegistrViewController.swift */ = {isa = PBXFileReference; fileEncoding = 4; lastKnownFileType = sourcecode.swift; path = SendMemberRegistrViewController.swift; sourceTree = "<group>"; };
		84FADF3023F78AB300C824C6 /* RegexMessage.swift */ = {isa = PBXFileReference; lastKnownFileType = sourcecode.swift; path = RegexMessage.swift; sourceTree = "<group>"; };
		84FADF3423F7CAB400C824C6 /* UIelementsController.swift */ = {isa = PBXFileReference; lastKnownFileType = sourcecode.swift; path = UIelementsController.swift; sourceTree = "<group>"; };
		84FADF4523FE88CE00C824C6 /* AppOverAllStyle.swift */ = {isa = PBXFileReference; fileEncoding = 4; lastKnownFileType = sourcecode.swift; path = AppOverAllStyle.swift; sourceTree = "<group>"; };
		84FADF4823FE8B0100C824C6 /* JumpPage.swift */ = {isa = PBXFileReference; fileEncoding = 4; lastKnownFileType = sourcecode.swift; path = JumpPage.swift; sourceTree = "<group>"; };
		84FADF4B23FE8B4E00C824C6 /* PredicatesFunc.swift */ = {isa = PBXFileReference; fileEncoding = 4; lastKnownFileType = sourcecode.swift; path = PredicatesFunc.swift; sourceTree = "<group>"; };
		84FADF4D23FE8B9500C824C6 /* GetMemberRegisterMessage.swift */ = {isa = PBXFileReference; fileEncoding = 4; lastKnownFileType = sourcecode.swift; path = GetMemberRegisterMessage.swift; sourceTree = "<group>"; };
		84FADF4F23FE8F9600C824C6 /* Main.storyboard */ = {isa = PBXFileReference; fileEncoding = 4; lastKnownFileType = file.storyboard; path = Main.storyboard; sourceTree = "<group>"; };
		CC0F84A34AE3A05ED5B91CDE /* Pods-seven_tea.debug.xcconfig */ = {isa = PBXFileReference; includeInIndex = 1; lastKnownFileType = text.xcconfig; name = "Pods-seven_tea.debug.xcconfig"; path = "Target Support Files/Pods-seven_tea/Pods-seven_tea.debug.xcconfig"; sourceTree = "<group>"; };
		F156A33D2D853E29BDEB8C00 /* Pods_seven_tea.framework */ = {isa = PBXFileReference; explicitFileType = wrapper.framework; includeInIndex = 0; path = Pods_seven_tea.framework; sourceTree = BUILT_PRODUCTS_DIR; };
/* End PBXFileReference section */

/* Begin PBXFrameworksBuildPhase section */
		84EEC5C523D1C314005627FF /* Frameworks */ = {
			isa = PBXFrameworksBuildPhase;
			buildActionMask = 2147483647;
			files = (
				405E73E13BC44114DFD156E5 /* Pods_seven_tea.framework in Frameworks */,
			);
			runOnlyForDeploymentPostprocessing = 0;
		};
/* End PBXFrameworksBuildPhase section */

/* Begin PBXGroup section */
		7A73BFCD543E67652C1C7712 /* Frameworks */ = {
			isa = PBXGroup;
			children = (
				F156A33D2D853E29BDEB8C00 /* Pods_seven_tea.framework */,
			);
			name = Frameworks;
			sourceTree = "<group>";
		};
		84316C00240E5CCC002CD226 /* AllList */ = {
			isa = PBXGroup;
			children = (
				84316C01240E5CFF002CD226 /* AllList.swift */,
			);
			path = AllList;
			sourceTree = "<group>";
		};
		84316C05240FA8A0002CD226 /* TableViewFunc */ = {
			isa = PBXGroup;
			children = (
			);
			path = TableViewFunc;
			sourceTree = "<group>";
		};
		84C2E2A923EBDD4C008AB33F /* ForgotPassword */ = {
			isa = PBXGroup;
			children = (
				84C2E2AA23EBDD7F008AB33F /* ForgerPasswordSmsApi.swift */,
				84C2E2AC23EBDE93008AB33F /* ForgotPasswordSmsCodable.swift */,
				84C2E2AE23EBE084008AB33F /* SendResetForgotPasswordApi.swift */,
				84C2E2B023EBE8B1008AB33F /* SendResetForgotPasswordCodable.swift */,
				84C2E2B223EBEB5B008AB33F /* ResetPasswordApi.swift */,
				84C2E2B423EBF0A3008AB33F /* ResetPasswordCodable.swift */,
			);
			path = ForgotPassword;
			sourceTree = "<group>";
		};
		84C2E2B623EBF8E2008AB33F /* ForgotPasswordViewController */ = {
			isa = PBXGroup;
			children = (
				84C2E2B723EBF921008AB33F /* ForgotPasswordViewController.swift */,
				84C2E2BA23ED26A7008AB33F /* ResetPasswordViewController.swift */,
			);
			path = ForgotPasswordViewController;
			sourceTree = "<group>";
		};
		84EEC5BF23D1C314005627FF = {
			isa = PBXGroup;
			children = (
				84EEC5CA23D1C314005627FF /* seven_tea */,
				84EEC5C923D1C314005627FF /* Products */,
				E250CE323E558121A259B050 /* Pods */,
				7A73BFCD543E67652C1C7712 /* Frameworks */,
			);
			sourceTree = "<group>";
		};
		84EEC5C923D1C314005627FF /* Products */ = {
			isa = PBXGroup;
			children = (
				84EEC5C823D1C314005627FF /* seven_tea.app */,
			);
			name = Products;
			sourceTree = "<group>";
		};
		84EEC5CA23D1C314005627FF /* seven_tea */ = {
			isa = PBXGroup;
			children = (
				84EEC5CB23D1C314005627FF /* AppDelegate.swift */,
				84FADF4F23FE8F9600C824C6 /* Main.storyboard */,
				84EEC5CF23D1C314005627FF /* ViewController.swift */,
				84EEC5CD23D1C314005627FF /* SceneDelegate.swift */,
				84EEC5E223D3006E005627FF /* Model */,
				84EEC5E123D3006B005627FF /* View */,
				84EEC5E023D30059005627FF /* ViewController */,
				84EEC5DF23D30052005627FF /* OtherController */,
				84EEC5D423D1C315005627FF /* Assets.xcassets */,
				84EEC5D623D1C315005627FF /* LaunchScreen.storyboard */,
				84EEC5D923D1C315005627FF /* Info.plist */,
			);
			path = seven_tea;
			sourceTree = "<group>";
		};
		84EEC5DF23D30052005627FF /* OtherController */ = {
			isa = PBXGroup;
			children = (
				84EEC5FC23D41302005627FF /* ModelController */,
				84EEC5FB23D412F9005627FF /* HelpController */,
			);
			path = OtherController;
			sourceTree = "<group>";
		};
		84EEC5E023D30059005627FF /* ViewController */ = {
			isa = PBXGroup;
			children = (
				84EEC63223D42280005627FF /* MenberShipViewController */,
			);
			path = ViewController;
			sourceTree = "<group>";
		};
		84EEC5E123D3006B005627FF /* View */ = {
			isa = PBXGroup;
			children = (
				84EEC5FD23D4131D005627FF /* Home.storyboard */,
				84EEC60123D4134B005627FF /* MemberCenter.storyboard */,
				84EEC63E23D537D1005627FF /* Menu.storyboard */,
				84EEC64023D537FC005627FF /* Order.storyboard */,
				84EEC64223D5388C005627FF /* ShoppingCart.storyboard */,
			);
			path = View;
			sourceTree = "<group>";
		};
		84EEC5E223D3006E005627FF /* Model */ = {
			isa = PBXGroup;
			children = (
				84EEC63923D493D0005627FF /* ApiUrl.swift */,
				84EEC5E423D30108005627FF /* MemberCenter */,
				84EEC5E323D300E7005627FF /* MemberShip */,
			);
			path = Model;
			sourceTree = "<group>";
		};
		84EEC5E323D300E7005627FF /* MemberShip */ = {
			isa = PBXGroup;
			children = (
				84C2E2A923EBDD4C008AB33F /* ForgotPassword */,
				84EEC5E623D3012C005627FF /* SignUp */,
				84EEC5E523D30123005627FF /* Login */,
			);
			path = MemberShip;
			sourceTree = "<group>";
		};
		84EEC5E423D30108005627FF /* MemberCenter */ = {
			isa = PBXGroup;
			children = (
				84EEC5E923D30162005627FF /* AccountInformation */,
				84EEC5E823D3015F005627FF /* FrequentlyAskedQuestions */,
				84EEC5E723D30147005627FF /* MyFavorite */,
				84316BFC240E4EC3002CD226 /* MemberInfoApi.swift */,
				84316BFE240E4FB4002CD226 /* MemberInfoCodable.swift */,
			);
			path = MemberCenter;
			sourceTree = "<group>";
		};
		84EEC5E523D30123005627FF /* Login */ = {
			isa = PBXGroup;
			children = (
				84F7C88E23EAD1C90097EAD0 /* LoginApi.swift */,
				84F7C88F23EAD1C90097EAD0 /* LoginCodable.swift */,
			);
			path = Login;
			sourceTree = "<group>";
		};
		84EEC5E623D3012C005627FF /* SignUp */ = {
			isa = PBXGroup;
			children = (
				84FADF1823F66A7F00C824C6 /* MemberRegiseterSmsApi.swift */,
				84EEC5EB23D410B8005627FF /* MemberRegisterSmsCodable.swift */,
				84FADF1E23F66FDA00C824C6 /* SendMemberRegisterInfoApi.swift */,
				84FADF1A23F66CBE00C824C6 /* MemberRegisterInfoCodable.swift */,
				84FADF2023F6712700C824C6 /* SendMemberRegistrApi.swift */,
				84FADF1C23F66E9200C824C6 /* MemberRegistrtCodable.swift */,
			);
			path = SignUp;
			sourceTree = "<group>";
		};
		84EEC5E723D30147005627FF /* MyFavorite */ = {
			isa = PBXGroup;
			children = (
				84EEC61823D415A8005627FF /* MyFavoriteApi.swift */,
				84EEC61A23D415B5005627FF /* MyFavoriteCodable.swift */,
				84EEC61C23D415CB005627FF /* MyFavorite.swift */,
			);
			path = MyFavorite;
			sourceTree = "<group>";
		};
		84EEC5E823D3015F005627FF /* FrequentlyAskedQuestions */ = {
			isa = PBXGroup;
			children = (
				84EEC61223D4155C005627FF /* FrequentlyAskedQuestionsApi.swift */,
				84EEC61423D4156F005627FF /* FrequentlyAskedQuestionsCodable.swift */,
				84EEC61623D41586005627FF /* FrequentlyAskedQuestions.swift */,
			);
			path = FrequentlyAskedQuestions;
			sourceTree = "<group>";
		};
		84EEC5E923D30162005627FF /* AccountInformation */ = {
			isa = PBXGroup;
			children = (
				84EEC5F523D412AF005627FF /* AccountCodable.swift */,
				84EEC5F723D412BB005627FF /* Account.swift */,
				84EEC5F923D412C9005627FF /* AccountApi.swift */,
			);
			path = AccountInformation;
			sourceTree = "<group>";
		};
		84EEC5FB23D412F9005627FF /* HelpController */ = {
			isa = PBXGroup;
			children = (
				84316C05240FA8A0002CD226 /* TableViewFunc */,
				84316C00240E5CCC002CD226 /* AllList */,
				84FADF4423FE88B200C824C6 /* AppOverAllStyle */,
				84FADF3323F7CA6100C824C6 /* UIelementsController */,
				84FADF2F23F6A2D800C824C6 /* UserInfo */,
				84FADF2E23F6A2CF00C824C6 /* Regex */,
				84FADF2D23F6A2BD00C824C6 /* MessageAlert */,
				84FADF2223F6749500C824C6 /* VerificationCodeTime */,
				84F7C88923EA91860097EAD0 /* Animate */,
				84EEC64623D683FD005627FF /* Permissions */,
			);
			path = HelpController;
			sourceTree = "<group>";
		};
		84EEC5FC23D41302005627FF /* ModelController */ = {
			isa = PBXGroup;
			children = (
				84FADF4A23FE8B3200C824C6 /* Predicates */,
				84FADF4723FE8A8B00C824C6 /* JumpPages */,
				84EEC62123D42103005627FF /* MemberShip */,
				84EEC62023D420F4005627FF /* MemberCenter */,
			);
			path = ModelController;
			sourceTree = "<group>";
		};
		84EEC60323D413EA005627FF /* MemberCenterViewController */ = {
			isa = PBXGroup;
			children = (
				84EEC60423D41483005627FF /* MenberCenterViewController.swift */,
				84EEC60B23D414E0005627FF /* MyFavorite */,
				84EEC60923D414BB005627FF /* FrequentlyAskedQuestions */,
				84EEC60723D414A3005627FF /* AccountFomation */,
			);
			path = MemberCenterViewController;
			sourceTree = "<group>";
		};
		84EEC60723D414A3005627FF /* AccountFomation */ = {
			isa = PBXGroup;
			children = (
				84316C082410D0A9002CD226 /* AccountFomationViewController.swift */,
			);
			path = AccountFomation;
			sourceTree = "<group>";
		};
		84EEC60923D414BB005627FF /* FrequentlyAskedQuestions */ = {
			isa = PBXGroup;
			children = (
				84316C1024124600002CD226 /* FrequentlyAskedQuestionsViewController.swift */,
			);
			path = FrequentlyAskedQuestions;
			sourceTree = "<group>";
		};
		84EEC60B23D414E0005627FF /* MyFavorite */ = {
			isa = PBXGroup;
			children = (
				84EEC60C23D41503005627FF /* MyFavoriteViewController.swift */,
				84316C0E2411FB72002CD226 /* MyFavoriteTableViewCell.swift */,
			);
			path = MyFavorite;
			sourceTree = "<group>";
		};
		84EEC62023D420F4005627FF /* MemberCenter */ = {
			isa = PBXGroup;
			children = (
				84EEC62B23D4219F005627FF /* AccountInformation */,
				84EEC62A23D4219D005627FF /* MyFavorite */,
				84EEC62923D4219A005627FF /* FrequentlyAskedQuestions */,
			);
			path = MemberCenter;
			sourceTree = "<group>";
		};
		84EEC62123D42103005627FF /* MemberShip */ = {
			isa = PBXGroup;
			children = (
				84EEC62423D42148005627FF /* LogIn */,
				84EEC62223D42117005627FF /* SingUp */,
			);
			path = MemberShip;
			sourceTree = "<group>";
		};
		84EEC62223D42117005627FF /* SingUp */ = {
			isa = PBXGroup;
			children = (
				84FADF4D23FE8B9500C824C6 /* GetMemberRegisterMessage.swift */,
				84EEC62723D4216C005627FF /* SingUpModelController.swift */,
			);
			path = SingUp;
			sourceTree = "<group>";
		};
		84EEC62423D42148005627FF /* LogIn */ = {
			isa = PBXGroup;
			children = (
				84EEC62523D4215C005627FF /* getLoginMessage.swift */,
			);
			path = LogIn;
			sourceTree = "<group>";
		};
		84EEC62923D4219A005627FF /* FrequentlyAskedQuestions */ = {
			isa = PBXGroup;
			children = (
				84EEC63023D4222E005627FF /* FrequentlyAskedQuestionsModelController.swift */,
			);
			path = FrequentlyAskedQuestions;
			sourceTree = "<group>";
		};
		84EEC62A23D4219D005627FF /* MyFavorite */ = {
			isa = PBXGroup;
			children = (
				84EEC62E23D4220D005627FF /* MyFavoriteModelController.swift */,
			);
			path = MyFavorite;
			sourceTree = "<group>";
		};
		84EEC62B23D4219F005627FF /* AccountInformation */ = {
			isa = PBXGroup;
			children = (
				84EEC62C23D421EE005627FF /* AccountinfomationModelController.swift */,
			);
			path = AccountInformation;
			sourceTree = "<group>";
		};
		84EEC63223D42280005627FF /* MenberShipViewController */ = {
			isa = PBXGroup;
			children = (
				84C2E2B623EBF8E2008AB33F /* ForgotPasswordViewController */,
				84EEC63423D422BF005627FF /* SingUpViewController */,
				84EEC60323D413EA005627FF /* MemberCenterViewController */,
				84EEC63323D422B6005627FF /* LogInViewController */,
			);
			path = MenberShipViewController;
			sourceTree = "<group>";
		};
		84EEC63323D422B6005627FF /* LogInViewController */ = {
			isa = PBXGroup;
			children = (
				84F7C88C23EAD19F0097EAD0 /* LogInViewController.swift */,
			);
			path = LogInViewController;
			sourceTree = "<group>";
		};
		84EEC63423D422BF005627FF /* SingUpViewController */ = {
			isa = PBXGroup;
			children = (
				84FADF2723F6775600C824C6 /* MemberRegiseterViewController.swift */,
				84FADF2B23F678B600C824C6 /* SendMemberRegistrViewController.swift */,
				84FADF2523F675D200C824C6 /* SendMemberRegisterInfoViewController.swift */,
			);
			path = SingUpViewController;
			sourceTree = "<group>";
		};
		84EEC64623D683FD005627FF /* Permissions */ = {
			isa = PBXGroup;
			children = (
				84EEC64723D68429005627FF /* Location.swift */,
			);
			path = Permissions;
			sourceTree = "<group>";
		};
		84F7C88923EA91860097EAD0 /* Animate */ = {
			isa = PBXGroup;
			children = (
				84F7C88A23EA91A60097EAD0 /* Animate.swift */,
			);
			path = Animate;
			sourceTree = "<group>";
		};
		84FADF2223F6749500C824C6 /* VerificationCodeTime */ = {
			isa = PBXGroup;
			children = (
				84FADF2323F674B400C824C6 /* VerificationCodeTimer.swift */,
			);
			path = VerificationCodeTime;
			sourceTree = "<group>";
		};
		84FADF2D23F6A2BD00C824C6 /* MessageAlert */ = {
			isa = PBXGroup;
			children = (
				84F7C88423E7FE460097EAD0 /* MessageAlert.swift */,
			);
			path = MessageAlert;
			sourceTree = "<group>";
		};
		84FADF2E23F6A2CF00C824C6 /* Regex */ = {
			isa = PBXGroup;
			children = (
				84F7C87F23E5E9D70097EAD0 /* Regex.swift */,
				84FADF3023F78AB300C824C6 /* RegexMessage.swift */,
			);
			path = Regex;
			sourceTree = "<group>";
		};
		84FADF2F23F6A2D800C824C6 /* UserInfo */ = {
			isa = PBXGroup;
			children = (
				84EEC5F323D4127C005627FF /* UserInfo.swift */,
			);
			path = UserInfo;
			sourceTree = "<group>";
		};
		84FADF3323F7CA6100C824C6 /* UIelementsController */ = {
			isa = PBXGroup;
			children = (
				84FADF3423F7CAB400C824C6 /* UIelementsController.swift */,
			);
			path = UIelementsController;
			sourceTree = "<group>";
		};
		84FADF4423FE88B200C824C6 /* AppOverAllStyle */ = {
			isa = PBXGroup;
			children = (
				84FADF4523FE88CE00C824C6 /* AppOverAllStyle.swift */,
			);
			path = AppOverAllStyle;
			sourceTree = "<group>";
		};
		84FADF4723FE8A8B00C824C6 /* JumpPages */ = {
			isa = PBXGroup;
			children = (
				84FADF4823FE8B0100C824C6 /* JumpPage.swift */,
			);
			path = JumpPages;
			sourceTree = "<group>";
		};
		84FADF4A23FE8B3200C824C6 /* Predicates */ = {
			isa = PBXGroup;
			children = (
				84FADF4B23FE8B4E00C824C6 /* PredicatesFunc.swift */,
			);
			path = Predicates;
			sourceTree = "<group>";
		};
		E250CE323E558121A259B050 /* Pods */ = {
			isa = PBXGroup;
			children = (
				CC0F84A34AE3A05ED5B91CDE /* Pods-seven_tea.debug.xcconfig */,
				34C1A446550C46E86D532640 /* Pods-seven_tea.release.xcconfig */,
			);
			path = Pods;
			sourceTree = "<group>";
		};
/* End PBXGroup section */

/* Begin PBXNativeTarget section */
		84EEC5C723D1C314005627FF /* seven_tea */ = {
			isa = PBXNativeTarget;
			buildConfigurationList = 84EEC5DC23D1C315005627FF /* Build configuration list for PBXNativeTarget "seven_tea" */;
			buildPhases = (
				9933A729319B88E17D03668A /* [CP] Check Pods Manifest.lock */,
				84EEC5C423D1C314005627FF /* Sources */,
				84EEC5C523D1C314005627FF /* Frameworks */,
				84EEC5C623D1C314005627FF /* Resources */,
			);
			buildRules = (
			);
			dependencies = (
			);
			name = seven_tea;
			productName = seven_tea;
			productReference = 84EEC5C823D1C314005627FF /* seven_tea.app */;
			productType = "com.apple.product-type.application";
		};
/* End PBXNativeTarget section */

/* Begin PBXProject section */
		84EEC5C023D1C314005627FF /* Project object */ = {
			isa = PBXProject;
			attributes = {
				LastSwiftUpdateCheck = 1130;
				LastUpgradeCheck = 1130;
				ORGANIZATIONNAME = "harrison公司機";
				TargetAttributes = {
					84EEC5C723D1C314005627FF = {
						CreatedOnToolsVersion = 11.3;
					};
				};
			};
			buildConfigurationList = 84EEC5C323D1C314005627FF /* Build configuration list for PBXProject "seven_tea" */;
			compatibilityVersion = "Xcode 9.3";
			developmentRegion = en;
			hasScannedForEncodings = 0;
			knownRegions = (
				en,
				Base,
			);
			mainGroup = 84EEC5BF23D1C314005627FF;
			productRefGroup = 84EEC5C923D1C314005627FF /* Products */;
			projectDirPath = "";
			projectRoot = "";
			targets = (
				84EEC5C723D1C314005627FF /* seven_tea */,
			);
		};
/* End PBXProject section */

/* Begin PBXResourcesBuildPhase section */
		84EEC5C623D1C314005627FF /* Resources */ = {
			isa = PBXResourcesBuildPhase;
			buildActionMask = 2147483647;
			files = (
				84EEC64323D5388C005627FF /* ShoppingCart.storyboard in Resources */,
				84EEC60223D4134B005627FF /* MemberCenter.storyboard in Resources */,
				84EEC5D823D1C315005627FF /* LaunchScreen.storyboard in Resources */,
				84EEC5D523D1C315005627FF /* Assets.xcassets in Resources */,
				84EEC5FE23D4131D005627FF /* Home.storyboard in Resources */,
				84FADF5023FE8F9600C824C6 /* Main.storyboard in Resources */,
				84EEC64123D537FC005627FF /* Order.storyboard in Resources */,
				84EEC63F23D537D1005627FF /* Menu.storyboard in Resources */,
			);
			runOnlyForDeploymentPostprocessing = 0;
		};
/* End PBXResourcesBuildPhase section */

/* Begin PBXShellScriptBuildPhase section */
		9933A729319B88E17D03668A /* [CP] Check Pods Manifest.lock */ = {
			isa = PBXShellScriptBuildPhase;
			buildActionMask = 2147483647;
			files = (
			);
			inputFileListPaths = (
			);
			inputPaths = (
				"${PODS_PODFILE_DIR_PATH}/Podfile.lock",
				"${PODS_ROOT}/Manifest.lock",
			);
			name = "[CP] Check Pods Manifest.lock";
			outputFileListPaths = (
			);
			outputPaths = (
				"$(DERIVED_FILE_DIR)/Pods-seven_tea-checkManifestLockResult.txt",
			);
			runOnlyForDeploymentPostprocessing = 0;
			shellPath = /bin/sh;
			shellScript = "diff \"${PODS_PODFILE_DIR_PATH}/Podfile.lock\" \"${PODS_ROOT}/Manifest.lock\" > /dev/null\nif [ $? != 0 ] ; then\n    # print error to STDERR\n    echo \"error: The sandbox is not in sync with the Podfile.lock. Run 'pod install' or update your CocoaPods installation.\" >&2\n    exit 1\nfi\n# This output is used by Xcode 'outputs' to avoid re-running this script phase.\necho \"SUCCESS\" > \"${SCRIPT_OUTPUT_FILE_0}\"\n";
			showEnvVarsInLog = 0;
		};
/* End PBXShellScriptBuildPhase section */

/* Begin PBXSourcesBuildPhase section */
		84EEC5C423D1C314005627FF /* Sources */ = {
			isa = PBXSourcesBuildPhase;
			buildActionMask = 2147483647;
			files = (
				84F7C88B23EA91A60097EAD0 /* Animate.swift in Sources */,
				84FADF4623FE88CE00C824C6 /* AppOverAllStyle.swift in Sources */,
				84FADF4923FE8B0100C824C6 /* JumpPage.swift in Sources */,
				84EEC5D023D1C314005627FF /* ViewController.swift in Sources */,
				84F7C89123EAD1C90097EAD0 /* LoginCodable.swift in Sources */,
				84EEC63123D4222E005627FF /* FrequentlyAskedQuestionsModelController.swift in Sources */,
				84EEC5CC23D1C314005627FF /* AppDelegate.swift in Sources */,
				84C2E2BB23ED26A7008AB33F /* ResetPasswordViewController.swift in Sources */,
				84316BFF240E4FB4002CD226 /* MemberInfoCodable.swift in Sources */,
				84FADF2623F675D200C824C6 /* SendMemberRegisterInfoViewController.swift in Sources */,
				84FADF3123F78AB300C824C6 /* RegexMessage.swift in Sources */,
				84316BFD240E4EC3002CD226 /* MemberInfoApi.swift in Sources */,
				84FADF2823F6775600C824C6 /* MemberRegiseterViewController.swift in Sources */,
				84F7C88523E7FE460097EAD0 /* MessageAlert.swift in Sources */,
				84EEC62D23D421EE005627FF /* AccountinfomationModelController.swift in Sources */,
				84EEC62F23D4220D005627FF /* MyFavoriteModelController.swift in Sources */,
				84EEC61523D4156F005627FF /* FrequentlyAskedQuestionsCodable.swift in Sources */,
				84EEC5EC23D410B8005627FF /* MemberRegisterSmsCodable.swift in Sources */,
				84F7C88D23EAD19F0097EAD0 /* LogInViewController.swift in Sources */,
				84C2E2B323EBEB5B008AB33F /* ResetPasswordApi.swift in Sources */,
				84EEC64823D68429005627FF /* Location.swift in Sources */,
				84FADF2C23F678B600C824C6 /* SendMemberRegistrViewController.swift in Sources */,
				84FADF1F23F66FDA00C824C6 /* SendMemberRegisterInfoApi.swift in Sources */,
				84EEC61923D415A8005627FF /* MyFavoriteApi.swift in Sources */,
				84C2E2B823EBF921008AB33F /* ForgotPasswordViewController.swift in Sources */,
				84C2E2AB23EBDD7F008AB33F /* ForgerPasswordSmsApi.swift in Sources */,
				84316C092410D0A9002CD226 /* AccountFomationViewController.swift in Sources */,
				84C2E2AF23EBE084008AB33F /* SendResetForgotPasswordApi.swift in Sources */,
				84EEC60D23D41503005627FF /* MyFavoriteViewController.swift in Sources */,
				84FADF3523F7CAB400C824C6 /* UIelementsController.swift in Sources */,
				84316C1124124600002CD226 /* FrequentlyAskedQuestionsViewController.swift in Sources */,
				84FADF1923F66A7F00C824C6 /* MemberRegiseterSmsApi.swift in Sources */,
				84EEC62623D4215C005627FF /* getLoginMessage.swift in Sources */,
				84C2E2AD23EBDE93008AB33F /* ForgotPasswordSmsCodable.swift in Sources */,
				84EEC63A23D493D0005627FF /* ApiUrl.swift in Sources */,
				84EEC62823D4216C005627FF /* SingUpModelController.swift in Sources */,
				84FADF1B23F66CBE00C824C6 /* MemberRegisterInfoCodable.swift in Sources */,
				84C2E2B123EBE8B1008AB33F /* SendResetForgotPasswordCodable.swift in Sources */,
				84EEC5F423D4127C005627FF /* UserInfo.swift in Sources */,
				84EEC5F823D412BB005627FF /* Account.swift in Sources */,
				84FADF2423F674B400C824C6 /* VerificationCodeTimer.swift in Sources */,
				84EEC61323D4155C005627FF /* FrequentlyAskedQuestionsApi.swift in Sources */,
				84EEC5F623D412AF005627FF /* AccountCodable.swift in Sources */,
				84EEC5CE23D1C314005627FF /* SceneDelegate.swift in Sources */,
				84FADF4E23FE8B9500C824C6 /* GetMemberRegisterMessage.swift in Sources */,
				84EEC61D23D415CB005627FF /* MyFavorite.swift in Sources */,
				84316C0F2411FB72002CD226 /* MyFavoriteTableViewCell.swift in Sources */,
				84FADF2123F6712800C824C6 /* SendMemberRegistrApi.swift in Sources */,
				84EEC60523D41483005627FF /* MenberCenterViewController.swift in Sources */,
				84EEC5FA23D412C9005627FF /* AccountApi.swift in Sources */,
				84FADF1D23F66E9200C824C6 /* MemberRegistrtCodable.swift in Sources */,
				84C2E2B523EBF0A3008AB33F /* ResetPasswordCodable.swift in Sources */,
				84F7C88023E5E9D70097EAD0 /* Regex.swift in Sources */,
				84FADF4C23FE8B4E00C824C6 /* PredicatesFunc.swift in Sources */,
				84EEC61723D41586005627FF /* FrequentlyAskedQuestions.swift in Sources */,
				84F7C89023EAD1C90097EAD0 /* LoginApi.swift in Sources */,
				84316C02240E5CFF002CD226 /* AllList.swift in Sources */,
				84EEC61B23D415B5005627FF /* MyFavoriteCodable.swift in Sources */,
			);
			runOnlyForDeploymentPostprocessing = 0;
		};
/* End PBXSourcesBuildPhase section */

/* Begin PBXVariantGroup section */
		84EEC5D623D1C315005627FF /* LaunchScreen.storyboard */ = {
			isa = PBXVariantGroup;
			children = (
				84EEC5D723D1C315005627FF /* Base */,
			);
			name = LaunchScreen.storyboard;
			sourceTree = "<group>";
		};
/* End PBXVariantGroup section */

/* Begin XCBuildConfiguration section */
		84EEC5DA23D1C315005627FF /* Debug */ = {
			isa = XCBuildConfiguration;
			buildSettings = {
				ALWAYS_SEARCH_USER_PATHS = NO;
				CLANG_ANALYZER_NONNULL = YES;
				CLANG_ANALYZER_NUMBER_OBJECT_CONVERSION = YES_AGGRESSIVE;
				CLANG_CXX_LANGUAGE_STANDARD = "gnu++14";
				CLANG_CXX_LIBRARY = "libc++";
				CLANG_ENABLE_MODULES = YES;
				CLANG_ENABLE_OBJC_ARC = YES;
				CLANG_ENABLE_OBJC_WEAK = YES;
				CLANG_WARN_BLOCK_CAPTURE_AUTORELEASING = YES;
				CLANG_WARN_BOOL_CONVERSION = YES;
				CLANG_WARN_COMMA = YES;
				CLANG_WARN_CONSTANT_CONVERSION = YES;
				CLANG_WARN_DEPRECATED_OBJC_IMPLEMENTATIONS = YES;
				CLANG_WARN_DIRECT_OBJC_ISA_USAGE = YES_ERROR;
				CLANG_WARN_DOCUMENTATION_COMMENTS = YES;
				CLANG_WARN_EMPTY_BODY = YES;
				CLANG_WARN_ENUM_CONVERSION = YES;
				CLANG_WARN_INFINITE_RECURSION = YES;
				CLANG_WARN_INT_CONVERSION = YES;
				CLANG_WARN_NON_LITERAL_NULL_CONVERSION = YES;
				CLANG_WARN_OBJC_IMPLICIT_RETAIN_SELF = YES;
				CLANG_WARN_OBJC_LITERAL_CONVERSION = YES;
				CLANG_WARN_OBJC_ROOT_CLASS = YES_ERROR;
				CLANG_WARN_RANGE_LOOP_ANALYSIS = YES;
				CLANG_WARN_STRICT_PROTOTYPES = YES;
				CLANG_WARN_SUSPICIOUS_MOVE = YES;
				CLANG_WARN_UNGUARDED_AVAILABILITY = YES_AGGRESSIVE;
				CLANG_WARN_UNREACHABLE_CODE = YES;
				CLANG_WARN__DUPLICATE_METHOD_MATCH = YES;
				COPY_PHASE_STRIP = NO;
				DEBUG_INFORMATION_FORMAT = dwarf;
				ENABLE_STRICT_OBJC_MSGSEND = YES;
				ENABLE_TESTABILITY = YES;
				GCC_C_LANGUAGE_STANDARD = gnu11;
				GCC_DYNAMIC_NO_PIC = NO;
				GCC_NO_COMMON_BLOCKS = YES;
				GCC_OPTIMIZATION_LEVEL = 0;
				GCC_PREPROCESSOR_DEFINITIONS = (
					"DEBUG=1",
					"$(inherited)",
				);
				GCC_WARN_64_TO_32_BIT_CONVERSION = YES;
				GCC_WARN_ABOUT_RETURN_TYPE = YES_ERROR;
				GCC_WARN_UNDECLARED_SELECTOR = YES;
				GCC_WARN_UNINITIALIZED_AUTOS = YES_AGGRESSIVE;
				GCC_WARN_UNUSED_FUNCTION = YES;
				GCC_WARN_UNUSED_VARIABLE = YES;
				IPHONEOS_DEPLOYMENT_TARGET = 13.2;
				MTL_ENABLE_DEBUG_INFO = INCLUDE_SOURCE;
				MTL_FAST_MATH = YES;
				ONLY_ACTIVE_ARCH = YES;
				SDKROOT = iphoneos;
				SWIFT_ACTIVE_COMPILATION_CONDITIONS = DEBUG;
				SWIFT_OPTIMIZATION_LEVEL = "-Onone";
			};
			name = Debug;
		};
		84EEC5DB23D1C315005627FF /* Release */ = {
			isa = XCBuildConfiguration;
			buildSettings = {
				ALWAYS_SEARCH_USER_PATHS = NO;
				CLANG_ANALYZER_NONNULL = YES;
				CLANG_ANALYZER_NUMBER_OBJECT_CONVERSION = YES_AGGRESSIVE;
				CLANG_CXX_LANGUAGE_STANDARD = "gnu++14";
				CLANG_CXX_LIBRARY = "libc++";
				CLANG_ENABLE_MODULES = YES;
				CLANG_ENABLE_OBJC_ARC = YES;
				CLANG_ENABLE_OBJC_WEAK = YES;
				CLANG_WARN_BLOCK_CAPTURE_AUTORELEASING = YES;
				CLANG_WARN_BOOL_CONVERSION = YES;
				CLANG_WARN_COMMA = YES;
				CLANG_WARN_CONSTANT_CONVERSION = YES;
				CLANG_WARN_DEPRECATED_OBJC_IMPLEMENTATIONS = YES;
				CLANG_WARN_DIRECT_OBJC_ISA_USAGE = YES_ERROR;
				CLANG_WARN_DOCUMENTATION_COMMENTS = YES;
				CLANG_WARN_EMPTY_BODY = YES;
				CLANG_WARN_ENUM_CONVERSION = YES;
				CLANG_WARN_INFINITE_RECURSION = YES;
				CLANG_WARN_INT_CONVERSION = YES;
				CLANG_WARN_NON_LITERAL_NULL_CONVERSION = YES;
				CLANG_WARN_OBJC_IMPLICIT_RETAIN_SELF = YES;
				CLANG_WARN_OBJC_LITERAL_CONVERSION = YES;
				CLANG_WARN_OBJC_ROOT_CLASS = YES_ERROR;
				CLANG_WARN_RANGE_LOOP_ANALYSIS = YES;
				CLANG_WARN_STRICT_PROTOTYPES = YES;
				CLANG_WARN_SUSPICIOUS_MOVE = YES;
				CLANG_WARN_UNGUARDED_AVAILABILITY = YES_AGGRESSIVE;
				CLANG_WARN_UNREACHABLE_CODE = YES;
				CLANG_WARN__DUPLICATE_METHOD_MATCH = YES;
				COPY_PHASE_STRIP = NO;
				DEBUG_INFORMATION_FORMAT = "dwarf-with-dsym";
				ENABLE_NS_ASSERTIONS = NO;
				ENABLE_STRICT_OBJC_MSGSEND = YES;
				GCC_C_LANGUAGE_STANDARD = gnu11;
				GCC_NO_COMMON_BLOCKS = YES;
				GCC_WARN_64_TO_32_BIT_CONVERSION = YES;
				GCC_WARN_ABOUT_RETURN_TYPE = YES_ERROR;
				GCC_WARN_UNDECLARED_SELECTOR = YES;
				GCC_WARN_UNINITIALIZED_AUTOS = YES_AGGRESSIVE;
				GCC_WARN_UNUSED_FUNCTION = YES;
				GCC_WARN_UNUSED_VARIABLE = YES;
				IPHONEOS_DEPLOYMENT_TARGET = 13.2;
				MTL_ENABLE_DEBUG_INFO = NO;
				MTL_FAST_MATH = YES;
				SDKROOT = iphoneos;
				SWIFT_COMPILATION_MODE = wholemodule;
				SWIFT_OPTIMIZATION_LEVEL = "-O";
				VALIDATE_PRODUCT = YES;
			};
			name = Release;
		};
		84EEC5DD23D1C315005627FF /* Debug */ = {
			isa = XCBuildConfiguration;
			baseConfigurationReference = CC0F84A34AE3A05ED5B91CDE /* Pods-seven_tea.debug.xcconfig */;
			buildSettings = {
				ASSETCATALOG_COMPILER_APPICON_NAME = AppIcon;
				CODE_SIGN_STYLE = Automatic;
				DEVELOPMENT_TEAM = DHJS994SDN;
				INFOPLIST_FILE = seven_tea/Info.plist;
				LD_RUNPATH_SEARCH_PATHS = (
					"$(inherited)",
					"@executable_path/Frameworks",
				);
				PRODUCT_BUNDLE_IDENTIFIER = "com.harrison.seven-tea";
				PRODUCT_NAME = "$(TARGET_NAME)";
				SWIFT_VERSION = 5.0;
				TARGETED_DEVICE_FAMILY = "1,2";
			};
			name = Debug;
		};
		84EEC5DE23D1C315005627FF /* Release */ = {
			isa = XCBuildConfiguration;
			baseConfigurationReference = 34C1A446550C46E86D532640 /* Pods-seven_tea.release.xcconfig */;
			buildSettings = {
				ASSETCATALOG_COMPILER_APPICON_NAME = AppIcon;
				CODE_SIGN_STYLE = Automatic;
				DEVELOPMENT_TEAM = DHJS994SDN;
				INFOPLIST_FILE = seven_tea/Info.plist;
				LD_RUNPATH_SEARCH_PATHS = (
					"$(inherited)",
					"@executable_path/Frameworks",
				);
				PRODUCT_BUNDLE_IDENTIFIER = "com.harrison.seven-tea";
				PRODUCT_NAME = "$(TARGET_NAME)";
				SWIFT_VERSION = 5.0;
				TARGETED_DEVICE_FAMILY = "1,2";
			};
			name = Release;
		};
/* End XCBuildConfiguration section */

/* Begin XCConfigurationList section */
		84EEC5C323D1C314005627FF /* Build configuration list for PBXProject "seven_tea" */ = {
			isa = XCConfigurationList;
			buildConfigurations = (
				84EEC5DA23D1C315005627FF /* Debug */,
				84EEC5DB23D1C315005627FF /* Release */,
			);
			defaultConfigurationIsVisible = 0;
			defaultConfigurationName = Release;
		};
		84EEC5DC23D1C315005627FF /* Build configuration list for PBXNativeTarget "seven_tea" */ = {
			isa = XCConfigurationList;
			buildConfigurations = (
				84EEC5DD23D1C315005627FF /* Debug */,
				84EEC5DE23D1C315005627FF /* Release */,
			);
			defaultConfigurationIsVisible = 0;
			defaultConfigurationName = Release;
		};
/* End XCConfigurationList section */
	};
	rootObject = 84EEC5C023D1C314005627FF /* Project object */;
}
