// !$*UTF8*$!
{
	archiveVersion = 1;
	classes = {
	};
	objectVersion = 51;
	objects = {

/* Begin PBXBuildFile section */
		405E73E13BC44114DFD156E5 /* Pods_seven_tea.framework in Frameworks */ = {isa = PBXBuildFile; fileRef = F156A33D2D853E29BDEB8C00 /* Pods_seven_tea.framework */; };
		8425537E243F2799004C9B23 /* Menu.storyboard in Resources */ = {isa = PBXBuildFile; fileRef = 8425537D243F2798004C9B23 /* Menu.storyboard */; };
		84255382243F27B5004C9B23 /* MenuDetailViewController.swift in Sources */ = {isa = PBXBuildFile; fileRef = 8425537F243F27B4004C9B23 /* MenuDetailViewController.swift */; };
		84255383243F27B5004C9B23 /* MenuViewController.swift in Sources */ = {isa = PBXBuildFile; fileRef = 84255380243F27B4004C9B23 /* MenuViewController.swift */; };
		84255384243F27B5004C9B23 /* MenuDetailService.swift in Sources */ = {isa = PBXBuildFile; fileRef = 84255381243F27B4004C9B23 /* MenuDetailService.swift */; };
		8425538624407540004C9B23 /* FeedCollectionViewCell.swift in Sources */ = {isa = PBXBuildFile; fileRef = 8425538524407540004C9B23 /* FeedCollectionViewCell.swift */; };
		842553882445953F004C9B23 /* PromotionBannerCodable.swift in Sources */ = {isa = PBXBuildFile; fileRef = 842553872445953F004C9B23 /* PromotionBannerCodable.swift */; };
		8425538A244596B5004C9B23 /* SlideBannerCodable.swift in Sources */ = {isa = PBXBuildFile; fileRef = 84255389244596B5004C9B23 /* SlideBannerCodable.swift */; };
		8425538C24459826004C9B23 /* MarketingBannerCodable.swift in Sources */ = {isa = PBXBuildFile; fileRef = 8425538B24459826004C9B23 /* MarketingBannerCodable.swift */; };
		8425538E24459902004C9B23 /* LoadingBannerCodable.swift in Sources */ = {isa = PBXBuildFile; fileRef = 8425538D24459902004C9B23 /* LoadingBannerCodable.swift */; };
		8425539624459B64004C9B23 /* LoadingBanner.swift in Sources */ = {isa = PBXBuildFile; fileRef = 8425539524459B64004C9B23 /* LoadingBanner.swift */; };
		8425539824459C07004C9B23 /* MarkeringBanner.swift in Sources */ = {isa = PBXBuildFile; fileRef = 8425539724459C07004C9B23 /* MarkeringBanner.swift */; };
		8425539A24459C8F004C9B23 /* SlideBanner.swift in Sources */ = {isa = PBXBuildFile; fileRef = 8425539924459C8F004C9B23 /* SlideBanner.swift */; };
		8425539C24459D0D004C9B23 /* PromotionBanner.swift in Sources */ = {isa = PBXBuildFile; fileRef = 8425539B24459D0D004C9B23 /* PromotionBanner.swift */; };
		8425539E2445A0CD004C9B23 /* LoadingBannerApi.swift in Sources */ = {isa = PBXBuildFile; fileRef = 8425539D2445A0CD004C9B23 /* LoadingBannerApi.swift */; };
		842553A02445A314004C9B23 /* MarketingBannerApi.swift in Sources */ = {isa = PBXBuildFile; fileRef = 8425539F2445A314004C9B23 /* MarketingBannerApi.swift */; };
		842553A22445ABF5004C9B23 /* SlideBannerApi.swift in Sources */ = {isa = PBXBuildFile; fileRef = 842553A12445ABF5004C9B23 /* SlideBannerApi.swift */; };
		842553A42445ADC3004C9B23 /* PromotionBannerApi.swift in Sources */ = {isa = PBXBuildFile; fileRef = 842553A32445ADC3004C9B23 /* PromotionBannerApi.swift */; };
		84316C02240E5CFF002CD226 /* AllList.swift in Sources */ = {isa = PBXBuildFile; fileRef = 84316C01240E5CFF002CD226 /* AllList.swift */; };
		84316C092410D0A9002CD226 /* AccountFomationViewController.swift in Sources */ = {isa = PBXBuildFile; fileRef = 84316C082410D0A9002CD226 /* AccountFomationViewController.swift */; };
		84316C0F2411FB72002CD226 /* MyFavoriteTableViewCell.swift in Sources */ = {isa = PBXBuildFile; fileRef = 84316C0E2411FB72002CD226 /* MyFavoriteTableViewCell.swift */; };
		84316C1124124600002CD226 /* FrequentlyAskedQuestionsViewController.swift in Sources */ = {isa = PBXBuildFile; fileRef = 84316C1024124600002CD226 /* FrequentlyAskedQuestionsViewController.swift */; };
		84479E8C2446F9A800D10DBA /* ApiUrl.swift in Sources */ = {isa = PBXBuildFile; fileRef = 84479E8B2446F9A800D10DBA /* ApiUrl.swift */; };
		84479E8F2446FD2300D10DBA /* CityTagCodable.swift in Sources */ = {isa = PBXBuildFile; fileRef = 84479E8E2446FD2300D10DBA /* CityTagCodable.swift */; };
		84479E912446FE5500D10DBA /* DistrictTagCodable.swift in Sources */ = {isa = PBXBuildFile; fileRef = 84479E902446FE5500D10DBA /* DistrictTagCodable.swift */; };
		84479E932446FEF900D10DBA /* CityTag.swift in Sources */ = {isa = PBXBuildFile; fileRef = 84479E922446FEF900D10DBA /* CityTag.swift */; };
		84479E952446FF0600D10DBA /* DistrictTag.swift in Sources */ = {isa = PBXBuildFile; fileRef = 84479E942446FF0600D10DBA /* DistrictTag.swift */; };
		84479E972447001D00D10DBA /* CityTagApi.swift in Sources */ = {isa = PBXBuildFile; fileRef = 84479E962447001D00D10DBA /* CityTagApi.swift */; };
		84479E9B2447027100D10DBA /* DistricTagApi.swift in Sources */ = {isa = PBXBuildFile; fileRef = 84479E9A2447027100D10DBA /* DistricTagApi.swift */; };
		84479EA12449812900D10DBA /* GetStore.swift in Sources */ = {isa = PBXBuildFile; fileRef = 84479EA02449812900D10DBA /* GetStore.swift */; };
		8454AA1B244EC174008FB05E /* GetStoresApi.swift in Sources */ = {isa = PBXBuildFile; fileRef = 8454AA1A244EC174008FB05E /* GetStoresApi.swift */; };
		84572B192422082200E11696 /* HomeCollectionViewCell.swift in Sources */ = {isa = PBXBuildFile; fileRef = 84572B182422082200E11696 /* HomeCollectionViewCell.swift */; };
		84572B1B2422088A00E11696 /* HomeViewController.swift in Sources */ = {isa = PBXBuildFile; fileRef = 84572B1A2422088A00E11696 /* HomeViewController.swift */; };
		84874E08244F048900232FB9 /* VerifyEmailCodable.swift in Sources */ = {isa = PBXBuildFile; fileRef = 84874E07244F048900232FB9 /* VerifyEmailCodable.swift */; };
		84874E0A244F04A300232FB9 /* VerifyEmailApi.swift in Sources */ = {isa = PBXBuildFile; fileRef = 84874E09244F04A300232FB9 /* VerifyEmailApi.swift */; };
		84874E0C244F2DAE00232FB9 /* OpeningTime.swift in Sources */ = {isa = PBXBuildFile; fileRef = 84874E0B244F2DAE00232FB9 /* OpeningTime.swift */; };
		84874E0E2452B37400232FB9 /* GpsGetStoresApi.swift in Sources */ = {isa = PBXBuildFile; fileRef = 84874E0D2452B37400232FB9 /* GpsGetStoresApi.swift */; };
		84874E112452D6E800232FB9 /* GetMenuCategory.swift in Sources */ = {isa = PBXBuildFile; fileRef = 84874E102452D6E800232FB9 /* GetMenuCategory.swift */; };
		84874E132452D86200232FB9 /* GetMenuCategoryApi.swift in Sources */ = {isa = PBXBuildFile; fileRef = 84874E122452D86200232FB9 /* GetMenuCategoryApi.swift */; };
		84874E162454305500232FB9 /* GetMenuProduct.swift in Sources */ = {isa = PBXBuildFile; fileRef = 84874E152454305500232FB9 /* GetMenuProduct.swift */; };
		84874E182454306700232FB9 /* GetMenuProductApi.swift in Sources */ = {isa = PBXBuildFile; fileRef = 84874E172454306700232FB9 /* GetMenuProductApi.swift */; };
		84874E1A245436C900232FB9 /* ProductSize.swift in Sources */ = {isa = PBXBuildFile; fileRef = 84874E19245436C900232FB9 /* ProductSize.swift */; };
		84874E1C2455BF1A00232FB9 /* ProductPrice.swift in Sources */ = {isa = PBXBuildFile; fileRef = 84874E1B2455BF1A00232FB9 /* ProductPrice.swift */; };
		84874E1E2455BFF800232FB9 /* ProductTemp.swift in Sources */ = {isa = PBXBuildFile; fileRef = 84874E1D2455BFF800232FB9 /* ProductTemp.swift */; };
		84874E202455C04700232FB9 /* ProductSugar.swift in Sources */ = {isa = PBXBuildFile; fileRef = 84874E1F2455C04700232FB9 /* ProductSugar.swift */; };
		84874E222455C09200232FB9 /* ProductAdd.swift in Sources */ = {isa = PBXBuildFile; fileRef = 84874E212455C09200232FB9 /* ProductAdd.swift */; };
		84874E2424570F2C00232FB9 /* CategoryTableViewCell.swift in Sources */ = {isa = PBXBuildFile; fileRef = 84874E2324570F2C00232FB9 /* CategoryTableViewCell.swift */; };
		84874E2624594B5900232FB9 /* TempCollectionViewCell.swift in Sources */ = {isa = PBXBuildFile; fileRef = 84874E2524594B5900232FB9 /* TempCollectionViewCell.swift */; };
		84874E2824594B6600232FB9 /* SugarCollectionViewCell.swift in Sources */ = {isa = PBXBuildFile; fileRef = 84874E2724594B6600232FB9 /* SugarCollectionViewCell.swift */; };
		84874E2A2459688400232FB9 /* ProductIceTemp.swift in Sources */ = {isa = PBXBuildFile; fileRef = 84874E292459688300232FB9 /* ProductIceTemp.swift */; };
		84874E2D245EAC2100232FB9 /* SendSetVerifyEmailApi.swift in Sources */ = {isa = PBXBuildFile; fileRef = 84874E2C245EAC2100232FB9 /* SendSetVerifyEmailApi.swift */; };
		84874E2F245EAC3200232FB9 /* SendSetVerifyEmailCodable.swift in Sources */ = {isa = PBXBuildFile; fileRef = 84874E2E245EAC3200232FB9 /* SendSetVerifyEmailCodable.swift */; };
		84874E33245EB28100232FB9 /* FeedBackOptionApi.swift in Sources */ = {isa = PBXBuildFile; fileRef = 84874E32245EB28100232FB9 /* FeedBackOptionApi.swift */; };
		84874E35245EB29200232FB9 /* FeedBackOptionCodable.swift in Sources */ = {isa = PBXBuildFile; fileRef = 84874E34245EB29200232FB9 /* FeedBackOptionCodable.swift */; };
		84874E37245EB3B100232FB9 /* FeedBackOption.swift in Sources */ = {isa = PBXBuildFile; fileRef = 84874E36245EB3B100232FB9 /* FeedBackOption.swift */; };
		84874E39245EC37F00232FB9 /* ProductHotTemp.swift in Sources */ = {isa = PBXBuildFile; fileRef = 84874E38245EC37F00232FB9 /* ProductHotTemp.swift */; };
		84874E48245FFB9400232FB9 /* AddShoppingCarApi.swift in Sources */ = {isa = PBXBuildFile; fileRef = 84874E47245FFB9400232FB9 /* AddShoppingCarApi.swift */; };
		84874E4A245FFB9F00232FB9 /* AddShoppingCarCodable.swift in Sources */ = {isa = PBXBuildFile; fileRef = 84874E49245FFB9F00232FB9 /* AddShoppingCarCodable.swift */; };
		84874E4F24600E4300232FB9 /* GetShopingCarMessage.swift in Sources */ = {isa = PBXBuildFile; fileRef = 84874E4E24600E4300232FB9 /* GetShopingCarMessage.swift */; };
		84874E5F246292B800232FB9 /* MemberInfoCodable.swift in Sources */ = {isa = PBXBuildFile; fileRef = 84874E5E246292B800232FB9 /* MemberInfoCodable.swift */; };
		84874E61246292C000232FB9 /* MemberInfoAddress.swift in Sources */ = {isa = PBXBuildFile; fileRef = 84874E60246292C000232FB9 /* MemberInfoAddress.swift */; };
		84874E63246292C700232FB9 /* MemberInfoApi.swift in Sources */ = {isa = PBXBuildFile; fileRef = 84874E62246292C600232FB9 /* MemberInfoApi.swift */; };
		84874E6624629F1500232FB9 /* AddMyFavoriteApi.swift in Sources */ = {isa = PBXBuildFile; fileRef = 84874E6524629F1500232FB9 /* AddMyFavoriteApi.swift */; };
		84874E6824629F3B00232FB9 /* AddMyFavoriteCodable.swift in Sources */ = {isa = PBXBuildFile; fileRef = 84874E6724629F3B00232FB9 /* AddMyFavoriteCodable.swift */; };
		8490F24C2429B30300A59020 /* NearbyStoresViewController.swift in Sources */ = {isa = PBXBuildFile; fileRef = 8490F24B2429B30300A59020 /* NearbyStoresViewController.swift */; };
		8490F24E2429F59800A59020 /* NearbyStoresTableViewCell.swift in Sources */ = {isa = PBXBuildFile; fileRef = 8490F24D2429F59800A59020 /* NearbyStoresTableViewCell.swift */; };
		8490F253242CA34C00A59020 /* MenuTableViewCell.swift in Sources */ = {isa = PBXBuildFile; fileRef = 8490F252242CA34C00A59020 /* MenuTableViewCell.swift */; };
		8490F258242CB50700A59020 /* ShopcCarViewController.swift in Sources */ = {isa = PBXBuildFile; fileRef = 8490F257242CB50700A59020 /* ShopcCarViewController.swift */; };
		8490F25A242CB51500A59020 /* ShopCarTableViewCell.swift in Sources */ = {isa = PBXBuildFile; fileRef = 8490F259242CB51500A59020 /* ShopCarTableViewCell.swift */; };
		8490F25D242F8A8300A59020 /* OrderViewController.swift in Sources */ = {isa = PBXBuildFile; fileRef = 8490F25C242F8A8300A59020 /* OrderViewController.swift */; };
		8490F25F2431C1D500A59020 /* OrderTableViewCell.swift in Sources */ = {isa = PBXBuildFile; fileRef = 8490F25E2431C1D500A59020 /* OrderTableViewCell.swift */; };
		8490F2622433182F00A59020 /* OrderApi.swift in Sources */ = {isa = PBXBuildFile; fileRef = 8490F2612433182F00A59020 /* OrderApi.swift */; };
		8490F264243318E100A59020 /* OrderColadable.swift in Sources */ = {isa = PBXBuildFile; fileRef = 8490F263243318E100A59020 /* OrderColadable.swift */; };
		8490F2662435E94B00A59020 /* Order.swift in Sources */ = {isa = PBXBuildFile; fileRef = 8490F2652435E94B00A59020 /* Order.swift */; };
		8490F26F243DC44200A59020 /* BannerCollectionViewCell.swift in Sources */ = {isa = PBXBuildFile; fileRef = 8490F26E243DC44200A59020 /* BannerCollectionViewCell.swift */; };
		84C0CF632463BA5B006A3DE0 /* GetShoppingCarApi.swift in Sources */ = {isa = PBXBuildFile; fileRef = 84C0CF622463BA5B006A3DE0 /* GetShoppingCarApi.swift */; };
		84C0CF652463BA69006A3DE0 /* GetShoppingCarItem.swift in Sources */ = {isa = PBXBuildFile; fileRef = 84C0CF642463BA69006A3DE0 /* GetShoppingCarItem.swift */; };
		84C0CF672463BDC2006A3DE0 /* GetShoppingDetail.swift in Sources */ = {isa = PBXBuildFile; fileRef = 84C0CF662463BDC2006A3DE0 /* GetShoppingDetail.swift */; };
		84C0CF692463F5B2006A3DE0 /* UpdateShoppingCarCodable.swift in Sources */ = {isa = PBXBuildFile; fileRef = 84C0CF682463F5B2006A3DE0 /* UpdateShoppingCarCodable.swift */; };
		84C0CF6B2463F5C0006A3DE0 /* UpdateShoppingCarApi.swift in Sources */ = {isa = PBXBuildFile; fileRef = 84C0CF6A2463F5C0006A3DE0 /* UpdateShoppingCarApi.swift */; };
		84C0CF6D2463F638006A3DE0 /* Params.swift in Sources */ = {isa = PBXBuildFile; fileRef = 84C0CF6C2463F638006A3DE0 /* Params.swift */; };
		84C0CF6F246A723F006A3DE0 /* DeleteSingleItem.swift in Sources */ = {isa = PBXBuildFile; fileRef = 84C0CF6E246A723F006A3DE0 /* DeleteSingleItem.swift */; };
		84C0CF71246A743F006A3DE0 /* DeleteSingleItemApi.swift in Sources */ = {isa = PBXBuildFile; fileRef = 84C0CF70246A743F006A3DE0 /* DeleteSingleItemApi.swift */; };
		84C0CF73246E84A2006A3DE0 /* ConfirmOrderViewController.swift in Sources */ = {isa = PBXBuildFile; fileRef = 84C0CF72246E84A2006A3DE0 /* ConfirmOrderViewController.swift */; };
		84C0CF75246E84BE006A3DE0 /* ConfirmOrderTableViewCell.swift in Sources */ = {isa = PBXBuildFile; fileRef = 84C0CF74246E84BE006A3DE0 /* ConfirmOrderTableViewCell.swift */; };
		84C2E2AB23EBDD7F008AB33F /* ForgerPasswordSmsApi.swift in Sources */ = {isa = PBXBuildFile; fileRef = 84C2E2AA23EBDD7F008AB33F /* ForgerPasswordSmsApi.swift */; };
		84C2E2AD23EBDE93008AB33F /* ForgotPasswordSmsCodable.swift in Sources */ = {isa = PBXBuildFile; fileRef = 84C2E2AC23EBDE93008AB33F /* ForgotPasswordSmsCodable.swift */; };
		84C2E2AF23EBE084008AB33F /* SendResetForgotPasswordApi.swift in Sources */ = {isa = PBXBuildFile; fileRef = 84C2E2AE23EBE084008AB33F /* SendResetForgotPasswordApi.swift */; };
		84C2E2B123EBE8B1008AB33F /* SendResetForgotPasswordCodable.swift in Sources */ = {isa = PBXBuildFile; fileRef = 84C2E2B023EBE8B1008AB33F /* SendResetForgotPasswordCodable.swift */; };
		84C2E2B323EBEB5B008AB33F /* ResetPasswordApi.swift in Sources */ = {isa = PBXBuildFile; fileRef = 84C2E2B223EBEB5B008AB33F /* ResetPasswordApi.swift */; };
		84C2E2B523EBF0A3008AB33F /* ResetPasswordCodable.swift in Sources */ = {isa = PBXBuildFile; fileRef = 84C2E2B423EBF0A3008AB33F /* ResetPasswordCodable.swift */; };
		84C2E2B823EBF921008AB33F /* ForgotPasswordViewController.swift in Sources */ = {isa = PBXBuildFile; fileRef = 84C2E2B723EBF921008AB33F /* ForgotPasswordViewController.swift */; };
		84C2E2BB23ED26A7008AB33F /* ResetPasswordViewController.swift in Sources */ = {isa = PBXBuildFile; fileRef = 84C2E2BA23ED26A7008AB33F /* ResetPasswordViewController.swift */; };
		84D09B3324163FA50019A0B4 /* GenderTableViewController.swift in Sources */ = {isa = PBXBuildFile; fileRef = 84D09B3224163FA50019A0B4 /* GenderTableViewController.swift */; };
		84D09B362417437B0019A0B4 /* SetNotifyTableViewController.swift in Sources */ = {isa = PBXBuildFile; fileRef = 84D09B352417437B0019A0B4 /* SetNotifyTableViewController.swift */; };
		84D09B3A24177FA10019A0B4 /* SetPasswordViewController.swift in Sources */ = {isa = PBXBuildFile; fileRef = 84D09B3924177FA10019A0B4 /* SetPasswordViewController.swift */; };
		84D09B3C241783D10019A0B4 /* SetEmailViewController.swift in Sources */ = {isa = PBXBuildFile; fileRef = 84D09B3B241783D10019A0B4 /* SetEmailViewController.swift */; };
		84D09B3E2418B4250019A0B4 /* SetNameViewController.swift in Sources */ = {isa = PBXBuildFile; fileRef = 84D09B3D2418B4250019A0B4 /* SetNameViewController.swift */; };
		84D09B402418E5070019A0B4 /* FeedBackTableViewCell.swift in Sources */ = {isa = PBXBuildFile; fileRef = 84D09B3F2418E5070019A0B4 /* FeedBackTableViewCell.swift */; };
		84D09B422418E5220019A0B4 /* FeedBackViewController.swift in Sources */ = {isa = PBXBuildFile; fileRef = 84D09B412418E5220019A0B4 /* FeedBackViewController.swift */; };
		84D09B442418E6190019A0B4 /* AddFeedBackViewController.swift in Sources */ = {isa = PBXBuildFile; fileRef = 84D09B432418E6190019A0B4 /* AddFeedBackViewController.swift */; };
		84D09B47241A2B7C0019A0B4 /* MessageNotifyAPI.swift in Sources */ = {isa = PBXBuildFile; fileRef = 84D09B46241A2B7C0019A0B4 /* MessageNotifyAPI.swift */; };
		84D09B49241A2C130019A0B4 /* MessageNotifyCodable.swift in Sources */ = {isa = PBXBuildFile; fileRef = 84D09B48241A2C130019A0B4 /* MessageNotifyCodable.swift */; };
		84D09B4D241F21810019A0B4 /* VoucherViewController.swift in Sources */ = {isa = PBXBuildFile; fileRef = 84D09B4C241F21810019A0B4 /* VoucherViewController.swift */; };
		84D09B4F241F21A20019A0B4 /* VoucherTableViewCell.swift in Sources */ = {isa = PBXBuildFile; fileRef = 84D09B4E241F21A20019A0B4 /* VoucherTableViewCell.swift */; };
		84EEC5CC23D1C314005627FF /* AppDelegate.swift in Sources */ = {isa = PBXBuildFile; fileRef = 84EEC5CB23D1C314005627FF /* AppDelegate.swift */; };
		84EEC5CE23D1C314005627FF /* SceneDelegate.swift in Sources */ = {isa = PBXBuildFile; fileRef = 84EEC5CD23D1C314005627FF /* SceneDelegate.swift */; };
		84EEC5D023D1C314005627FF /* ViewController.swift in Sources */ = {isa = PBXBuildFile; fileRef = 84EEC5CF23D1C314005627FF /* ViewController.swift */; };
		84EEC5D523D1C315005627FF /* Assets.xcassets in Resources */ = {isa = PBXBuildFile; fileRef = 84EEC5D423D1C315005627FF /* Assets.xcassets */; };
		84EEC5D823D1C315005627FF /* LaunchScreen.storyboard in Resources */ = {isa = PBXBuildFile; fileRef = 84EEC5D623D1C315005627FF /* LaunchScreen.storyboard */; };
		84EEC5EC23D410B8005627FF /* MemberRegisterSmsCodable.swift in Sources */ = {isa = PBXBuildFile; fileRef = 84EEC5EB23D410B8005627FF /* MemberRegisterSmsCodable.swift */; };
		84EEC5F423D4127C005627FF /* UserInfo.swift in Sources */ = {isa = PBXBuildFile; fileRef = 84EEC5F323D4127C005627FF /* UserInfo.swift */; };
		84EEC5F623D412AF005627FF /* AccountCodable.swift in Sources */ = {isa = PBXBuildFile; fileRef = 84EEC5F523D412AF005627FF /* AccountCodable.swift */; };
		84EEC5F823D412BB005627FF /* Account.swift in Sources */ = {isa = PBXBuildFile; fileRef = 84EEC5F723D412BB005627FF /* Account.swift */; };
		84EEC5FA23D412C9005627FF /* AccountApi.swift in Sources */ = {isa = PBXBuildFile; fileRef = 84EEC5F923D412C9005627FF /* AccountApi.swift */; };
		84EEC5FE23D4131D005627FF /* Home.storyboard in Resources */ = {isa = PBXBuildFile; fileRef = 84EEC5FD23D4131D005627FF /* Home.storyboard */; };
		84EEC60223D4134B005627FF /* MemberCenter.storyboard in Resources */ = {isa = PBXBuildFile; fileRef = 84EEC60123D4134B005627FF /* MemberCenter.storyboard */; };
		84EEC60523D41483005627FF /* MenberCenterViewController.swift in Sources */ = {isa = PBXBuildFile; fileRef = 84EEC60423D41483005627FF /* MenberCenterViewController.swift */; };
		84EEC60D23D41503005627FF /* MyFavoriteViewController.swift in Sources */ = {isa = PBXBuildFile; fileRef = 84EEC60C23D41503005627FF /* MyFavoriteViewController.swift */; };
		84EEC61323D4155C005627FF /* FrequentlyAskedQuestionsApi.swift in Sources */ = {isa = PBXBuildFile; fileRef = 84EEC61223D4155C005627FF /* FrequentlyAskedQuestionsApi.swift */; };
		84EEC61523D4156F005627FF /* FrequentlyAskedQuestionsCodable.swift in Sources */ = {isa = PBXBuildFile; fileRef = 84EEC61423D4156F005627FF /* FrequentlyAskedQuestionsCodable.swift */; };
		84EEC61723D41586005627FF /* FrequentlyAskedQuestions.swift in Sources */ = {isa = PBXBuildFile; fileRef = 84EEC61623D41586005627FF /* FrequentlyAskedQuestions.swift */; };
		84EEC61923D415A8005627FF /* MyFavoriteApi.swift in Sources */ = {isa = PBXBuildFile; fileRef = 84EEC61823D415A8005627FF /* MyFavoriteApi.swift */; };
		84EEC61B23D415B5005627FF /* MyFavoriteCodable.swift in Sources */ = {isa = PBXBuildFile; fileRef = 84EEC61A23D415B5005627FF /* MyFavoriteCodable.swift */; };
		84EEC61D23D415CB005627FF /* MyFavorite.swift in Sources */ = {isa = PBXBuildFile; fileRef = 84EEC61C23D415CB005627FF /* MyFavorite.swift */; };
		84EEC62623D4215C005627FF /* getLoginMessage.swift in Sources */ = {isa = PBXBuildFile; fileRef = 84EEC62523D4215C005627FF /* getLoginMessage.swift */; };
		84EEC62823D4216C005627FF /* SingUpModelController.swift in Sources */ = {isa = PBXBuildFile; fileRef = 84EEC62723D4216C005627FF /* SingUpModelController.swift */; };
		84EEC62D23D421EE005627FF /* GetMemberCenterMessage.swift in Sources */ = {isa = PBXBuildFile; fileRef = 84EEC62C23D421EE005627FF /* GetMemberCenterMessage.swift */; };
		84EEC62F23D4220D005627FF /* MyFavoriteModelController.swift in Sources */ = {isa = PBXBuildFile; fileRef = 84EEC62E23D4220D005627FF /* MyFavoriteModelController.swift */; };
		84EEC63123D4222E005627FF /* FrequentlyAskedQuestionsModelController.swift in Sources */ = {isa = PBXBuildFile; fileRef = 84EEC63023D4222E005627FF /* FrequentlyAskedQuestionsModelController.swift */; };
		84EEC64123D537FC005627FF /* Order.storyboard in Resources */ = {isa = PBXBuildFile; fileRef = 84EEC64023D537FC005627FF /* Order.storyboard */; };
		84EEC64323D5388C005627FF /* ShoppingCart.storyboard in Resources */ = {isa = PBXBuildFile; fileRef = 84EEC64223D5388C005627FF /* ShoppingCart.storyboard */; };
		84EEC64823D68429005627FF /* Location.swift in Sources */ = {isa = PBXBuildFile; fileRef = 84EEC64723D68429005627FF /* Location.swift */; };
		84F7C88023E5E9D70097EAD0 /* Regex.swift in Sources */ = {isa = PBXBuildFile; fileRef = 84F7C87F23E5E9D70097EAD0 /* Regex.swift */; };
		84F7C88523E7FE460097EAD0 /* MessageAlert.swift in Sources */ = {isa = PBXBuildFile; fileRef = 84F7C88423E7FE460097EAD0 /* MessageAlert.swift */; };
		84F7C88B23EA91A60097EAD0 /* Animate.swift in Sources */ = {isa = PBXBuildFile; fileRef = 84F7C88A23EA91A60097EAD0 /* Animate.swift */; };
		84F7C88D23EAD19F0097EAD0 /* LogInViewController.swift in Sources */ = {isa = PBXBuildFile; fileRef = 84F7C88C23EAD19F0097EAD0 /* LogInViewController.swift */; };
		84F7C89023EAD1C90097EAD0 /* LoginApi.swift in Sources */ = {isa = PBXBuildFile; fileRef = 84F7C88E23EAD1C90097EAD0 /* LoginApi.swift */; };
		84F7C89123EAD1C90097EAD0 /* LoginCodable.swift in Sources */ = {isa = PBXBuildFile; fileRef = 84F7C88F23EAD1C90097EAD0 /* LoginCodable.swift */; };
		84FADF1923F66A7F00C824C6 /* MemberRegiseterSmsApi.swift in Sources */ = {isa = PBXBuildFile; fileRef = 84FADF1823F66A7F00C824C6 /* MemberRegiseterSmsApi.swift */; };
		84FADF1B23F66CBE00C824C6 /* MemberRegisterInfoCodable.swift in Sources */ = {isa = PBXBuildFile; fileRef = 84FADF1A23F66CBE00C824C6 /* MemberRegisterInfoCodable.swift */; };
		84FADF1D23F66E9200C824C6 /* MemberRegistrtCodable.swift in Sources */ = {isa = PBXBuildFile; fileRef = 84FADF1C23F66E9200C824C6 /* MemberRegistrtCodable.swift */; };
		84FADF1F23F66FDA00C824C6 /* SendMemberRegisterInfoApi.swift in Sources */ = {isa = PBXBuildFile; fileRef = 84FADF1E23F66FDA00C824C6 /* SendMemberRegisterInfoApi.swift */; };
		84FADF2123F6712800C824C6 /* SendMemberRegistrApi.swift in Sources */ = {isa = PBXBuildFile; fileRef = 84FADF2023F6712700C824C6 /* SendMemberRegistrApi.swift */; };
		84FADF2423F674B400C824C6 /* VerificationCodeTimer.swift in Sources */ = {isa = PBXBuildFile; fileRef = 84FADF2323F674B400C824C6 /* VerificationCodeTimer.swift */; };
		84FADF2623F675D200C824C6 /* SendMemberRegisterInfoViewController.swift in Sources */ = {isa = PBXBuildFile; fileRef = 84FADF2523F675D200C824C6 /* SendMemberRegisterInfoViewController.swift */; };
		84FADF2823F6775600C824C6 /* MemberRegiseterViewController.swift in Sources */ = {isa = PBXBuildFile; fileRef = 84FADF2723F6775600C824C6 /* MemberRegiseterViewController.swift */; };
		84FADF2C23F678B600C824C6 /* SendMemberRegistrViewController.swift in Sources */ = {isa = PBXBuildFile; fileRef = 84FADF2B23F678B600C824C6 /* SendMemberRegistrViewController.swift */; };
		84FADF3123F78AB300C824C6 /* RegexMessage.swift in Sources */ = {isa = PBXBuildFile; fileRef = 84FADF3023F78AB300C824C6 /* RegexMessage.swift */; };
		84FADF3523F7CAB400C824C6 /* UIelementsController.swift in Sources */ = {isa = PBXBuildFile; fileRef = 84FADF3423F7CAB400C824C6 /* UIelementsController.swift */; };
		84FADF4623FE88CE00C824C6 /* AppOverAllStyle.swift in Sources */ = {isa = PBXBuildFile; fileRef = 84FADF4523FE88CE00C824C6 /* AppOverAllStyle.swift */; };
		84FADF4923FE8B0100C824C6 /* JumpPage.swift in Sources */ = {isa = PBXBuildFile; fileRef = 84FADF4823FE8B0100C824C6 /* JumpPage.swift */; };
		84FADF4C23FE8B4E00C824C6 /* PredicatesFunc.swift in Sources */ = {isa = PBXBuildFile; fileRef = 84FADF4B23FE8B4E00C824C6 /* PredicatesFunc.swift */; };
		84FADF4E23FE8B9500C824C6 /* GetMemberRegisterMessage.swift in Sources */ = {isa = PBXBuildFile; fileRef = 84FADF4D23FE8B9500C824C6 /* GetMemberRegisterMessage.swift */; };
		84FADF5023FE8F9600C824C6 /* Main.storyboard in Resources */ = {isa = PBXBuildFile; fileRef = 84FADF4F23FE8F9600C824C6 /* Main.storyboard */; };
/* End PBXBuildFile section */

/* Begin PBXFileReference section */
		34C1A446550C46E86D532640 /* Pods-seven_tea.release.xcconfig */ = {isa = PBXFileReference; includeInIndex = 1; lastKnownFileType = text.xcconfig; name = "Pods-seven_tea.release.xcconfig"; path = "Target Support Files/Pods-seven_tea/Pods-seven_tea.release.xcconfig"; sourceTree = "<group>"; };
		8425537D243F2798004C9B23 /* Menu.storyboard */ = {isa = PBXFileReference; fileEncoding = 4; lastKnownFileType = file.storyboard; path = Menu.storyboard; sourceTree = "<group>"; };
		8425537F243F27B4004C9B23 /* MenuDetailViewController.swift */ = {isa = PBXFileReference; fileEncoding = 4; lastKnownFileType = sourcecode.swift; path = MenuDetailViewController.swift; sourceTree = "<group>"; };
		84255380243F27B4004C9B23 /* MenuViewController.swift */ = {isa = PBXFileReference; fileEncoding = 4; lastKnownFileType = sourcecode.swift; path = MenuViewController.swift; sourceTree = "<group>"; };
		84255381243F27B4004C9B23 /* MenuDetailService.swift */ = {isa = PBXFileReference; fileEncoding = 4; lastKnownFileType = sourcecode.swift; path = MenuDetailService.swift; sourceTree = "<group>"; };
		8425538524407540004C9B23 /* FeedCollectionViewCell.swift */ = {isa = PBXFileReference; lastKnownFileType = sourcecode.swift; path = FeedCollectionViewCell.swift; sourceTree = "<group>"; };
		842553872445953F004C9B23 /* PromotionBannerCodable.swift */ = {isa = PBXFileReference; lastKnownFileType = sourcecode.swift; path = PromotionBannerCodable.swift; sourceTree = "<group>"; };
		84255389244596B5004C9B23 /* SlideBannerCodable.swift */ = {isa = PBXFileReference; lastKnownFileType = sourcecode.swift; path = SlideBannerCodable.swift; sourceTree = "<group>"; };
		8425538B24459826004C9B23 /* MarketingBannerCodable.swift */ = {isa = PBXFileReference; lastKnownFileType = sourcecode.swift; path = MarketingBannerCodable.swift; sourceTree = "<group>"; };
		8425538D24459902004C9B23 /* LoadingBannerCodable.swift */ = {isa = PBXFileReference; lastKnownFileType = sourcecode.swift; path = LoadingBannerCodable.swift; sourceTree = "<group>"; };
		8425539524459B64004C9B23 /* LoadingBanner.swift */ = {isa = PBXFileReference; lastKnownFileType = sourcecode.swift; path = LoadingBanner.swift; sourceTree = "<group>"; };
		8425539724459C07004C9B23 /* MarkeringBanner.swift */ = {isa = PBXFileReference; lastKnownFileType = sourcecode.swift; path = MarkeringBanner.swift; sourceTree = "<group>"; };
		8425539924459C8F004C9B23 /* SlideBanner.swift */ = {isa = PBXFileReference; lastKnownFileType = sourcecode.swift; path = SlideBanner.swift; sourceTree = "<group>"; };
		8425539B24459D0D004C9B23 /* PromotionBanner.swift */ = {isa = PBXFileReference; lastKnownFileType = sourcecode.swift; path = PromotionBanner.swift; sourceTree = "<group>"; };
		8425539D2445A0CD004C9B23 /* LoadingBannerApi.swift */ = {isa = PBXFileReference; lastKnownFileType = sourcecode.swift; path = LoadingBannerApi.swift; sourceTree = "<group>"; };
		8425539F2445A314004C9B23 /* MarketingBannerApi.swift */ = {isa = PBXFileReference; lastKnownFileType = sourcecode.swift; path = MarketingBannerApi.swift; sourceTree = "<group>"; };
		842553A12445ABF5004C9B23 /* SlideBannerApi.swift */ = {isa = PBXFileReference; lastKnownFileType = sourcecode.swift; path = SlideBannerApi.swift; sourceTree = "<group>"; };
		842553A32445ADC3004C9B23 /* PromotionBannerApi.swift */ = {isa = PBXFileReference; lastKnownFileType = sourcecode.swift; path = PromotionBannerApi.swift; sourceTree = "<group>"; };
		84316C01240E5CFF002CD226 /* AllList.swift */ = {isa = PBXFileReference; lastKnownFileType = sourcecode.swift; path = AllList.swift; sourceTree = "<group>"; };
		84316C082410D0A9002CD226 /* AccountFomationViewController.swift */ = {isa = PBXFileReference; lastKnownFileType = sourcecode.swift; path = AccountFomationViewController.swift; sourceTree = "<group>"; };
		84316C0E2411FB72002CD226 /* MyFavoriteTableViewCell.swift */ = {isa = PBXFileReference; lastKnownFileType = sourcecode.swift; path = MyFavoriteTableViewCell.swift; sourceTree = "<group>"; };
		84316C1024124600002CD226 /* FrequentlyAskedQuestionsViewController.swift */ = {isa = PBXFileReference; lastKnownFileType = sourcecode.swift; path = FrequentlyAskedQuestionsViewController.swift; sourceTree = "<group>"; };
		84479E8B2446F9A800D10DBA /* ApiUrl.swift */ = {isa = PBXFileReference; fileEncoding = 4; lastKnownFileType = sourcecode.swift; path = ApiUrl.swift; sourceTree = "<group>"; };
		84479E8E2446FD2300D10DBA /* CityTagCodable.swift */ = {isa = PBXFileReference; lastKnownFileType = sourcecode.swift; path = CityTagCodable.swift; sourceTree = "<group>"; };
		84479E902446FE5500D10DBA /* DistrictTagCodable.swift */ = {isa = PBXFileReference; lastKnownFileType = sourcecode.swift; path = DistrictTagCodable.swift; sourceTree = "<group>"; };
		84479E922446FEF900D10DBA /* CityTag.swift */ = {isa = PBXFileReference; lastKnownFileType = sourcecode.swift; path = CityTag.swift; sourceTree = "<group>"; };
		84479E942446FF0600D10DBA /* DistrictTag.swift */ = {isa = PBXFileReference; lastKnownFileType = sourcecode.swift; path = DistrictTag.swift; sourceTree = "<group>"; };
		84479E962447001D00D10DBA /* CityTagApi.swift */ = {isa = PBXFileReference; lastKnownFileType = sourcecode.swift; path = CityTagApi.swift; sourceTree = "<group>"; };
		84479E9A2447027100D10DBA /* DistricTagApi.swift */ = {isa = PBXFileReference; lastKnownFileType = sourcecode.swift; path = DistricTagApi.swift; sourceTree = "<group>"; };
		84479EA02449812900D10DBA /* GetStore.swift */ = {isa = PBXFileReference; lastKnownFileType = sourcecode.swift; path = GetStore.swift; sourceTree = "<group>"; };
		8454AA1A244EC174008FB05E /* GetStoresApi.swift */ = {isa = PBXFileReference; lastKnownFileType = sourcecode.swift; path = GetStoresApi.swift; sourceTree = "<group>"; };
		84572B182422082200E11696 /* HomeCollectionViewCell.swift */ = {isa = PBXFileReference; lastKnownFileType = sourcecode.swift; path = HomeCollectionViewCell.swift; sourceTree = "<group>"; };
		84572B1A2422088A00E11696 /* HomeViewController.swift */ = {isa = PBXFileReference; lastKnownFileType = sourcecode.swift; path = HomeViewController.swift; sourceTree = "<group>"; };
		84874E07244F048900232FB9 /* VerifyEmailCodable.swift */ = {isa = PBXFileReference; lastKnownFileType = sourcecode.swift; path = VerifyEmailCodable.swift; sourceTree = "<group>"; };
		84874E09244F04A300232FB9 /* VerifyEmailApi.swift */ = {isa = PBXFileReference; lastKnownFileType = sourcecode.swift; path = VerifyEmailApi.swift; sourceTree = "<group>"; };
		84874E0B244F2DAE00232FB9 /* OpeningTime.swift */ = {isa = PBXFileReference; lastKnownFileType = sourcecode.swift; path = OpeningTime.swift; sourceTree = "<group>"; };
		84874E0D2452B37400232FB9 /* GpsGetStoresApi.swift */ = {isa = PBXFileReference; lastKnownFileType = sourcecode.swift; path = GpsGetStoresApi.swift; sourceTree = "<group>"; };
		84874E102452D6E800232FB9 /* GetMenuCategory.swift */ = {isa = PBXFileReference; lastKnownFileType = sourcecode.swift; path = GetMenuCategory.swift; sourceTree = "<group>"; };
		84874E122452D86200232FB9 /* GetMenuCategoryApi.swift */ = {isa = PBXFileReference; lastKnownFileType = sourcecode.swift; path = GetMenuCategoryApi.swift; sourceTree = "<group>"; };
		84874E152454305500232FB9 /* GetMenuProduct.swift */ = {isa = PBXFileReference; lastKnownFileType = sourcecode.swift; path = GetMenuProduct.swift; sourceTree = "<group>"; };
		84874E172454306700232FB9 /* GetMenuProductApi.swift */ = {isa = PBXFileReference; lastKnownFileType = sourcecode.swift; path = GetMenuProductApi.swift; sourceTree = "<group>"; };
		84874E19245436C900232FB9 /* ProductSize.swift */ = {isa = PBXFileReference; lastKnownFileType = sourcecode.swift; path = ProductSize.swift; sourceTree = "<group>"; };
		84874E1B2455BF1A00232FB9 /* ProductPrice.swift */ = {isa = PBXFileReference; lastKnownFileType = sourcecode.swift; path = ProductPrice.swift; sourceTree = "<group>"; };
		84874E1D2455BFF800232FB9 /* ProductTemp.swift */ = {isa = PBXFileReference; lastKnownFileType = sourcecode.swift; path = ProductTemp.swift; sourceTree = "<group>"; };
		84874E1F2455C04700232FB9 /* ProductSugar.swift */ = {isa = PBXFileReference; lastKnownFileType = sourcecode.swift; path = ProductSugar.swift; sourceTree = "<group>"; };
		84874E212455C09200232FB9 /* ProductAdd.swift */ = {isa = PBXFileReference; lastKnownFileType = sourcecode.swift; path = ProductAdd.swift; sourceTree = "<group>"; };
		84874E2324570F2C00232FB9 /* CategoryTableViewCell.swift */ = {isa = PBXFileReference; lastKnownFileType = sourcecode.swift; path = CategoryTableViewCell.swift; sourceTree = "<group>"; };
		84874E2524594B5900232FB9 /* TempCollectionViewCell.swift */ = {isa = PBXFileReference; lastKnownFileType = sourcecode.swift; path = TempCollectionViewCell.swift; sourceTree = "<group>"; };
		84874E2724594B6600232FB9 /* SugarCollectionViewCell.swift */ = {isa = PBXFileReference; lastKnownFileType = sourcecode.swift; path = SugarCollectionViewCell.swift; sourceTree = "<group>"; };
		84874E292459688300232FB9 /* ProductIceTemp.swift */ = {isa = PBXFileReference; lastKnownFileType = sourcecode.swift; path = ProductIceTemp.swift; sourceTree = "<group>"; };
		84874E2C245EAC2100232FB9 /* SendSetVerifyEmailApi.swift */ = {isa = PBXFileReference; lastKnownFileType = sourcecode.swift; path = SendSetVerifyEmailApi.swift; sourceTree = "<group>"; };
		84874E2E245EAC3200232FB9 /* SendSetVerifyEmailCodable.swift */ = {isa = PBXFileReference; lastKnownFileType = sourcecode.swift; path = SendSetVerifyEmailCodable.swift; sourceTree = "<group>"; };
		84874E32245EB28100232FB9 /* FeedBackOptionApi.swift */ = {isa = PBXFileReference; lastKnownFileType = sourcecode.swift; path = FeedBackOptionApi.swift; sourceTree = "<group>"; };
		84874E34245EB29200232FB9 /* FeedBackOptionCodable.swift */ = {isa = PBXFileReference; lastKnownFileType = sourcecode.swift; path = FeedBackOptionCodable.swift; sourceTree = "<group>"; };
		84874E36245EB3B100232FB9 /* FeedBackOption.swift */ = {isa = PBXFileReference; lastKnownFileType = sourcecode.swift; path = FeedBackOption.swift; sourceTree = "<group>"; };
		84874E38245EC37F00232FB9 /* ProductHotTemp.swift */ = {isa = PBXFileReference; lastKnownFileType = sourcecode.swift; path = ProductHotTemp.swift; sourceTree = "<group>"; };
		84874E47245FFB9400232FB9 /* AddShoppingCarApi.swift */ = {isa = PBXFileReference; fileEncoding = 4; lastKnownFileType = sourcecode.swift; path = AddShoppingCarApi.swift; sourceTree = "<group>"; };
		84874E49245FFB9F00232FB9 /* AddShoppingCarCodable.swift */ = {isa = PBXFileReference; fileEncoding = 4; lastKnownFileType = sourcecode.swift; path = AddShoppingCarCodable.swift; sourceTree = "<group>"; };
		84874E4E24600E4300232FB9 /* GetShopingCarMessage.swift */ = {isa = PBXFileReference; lastKnownFileType = sourcecode.swift; path = GetShopingCarMessage.swift; sourceTree = "<group>"; };
		84874E5E246292B800232FB9 /* MemberInfoCodable.swift */ = {isa = PBXFileReference; fileEncoding = 4; lastKnownFileType = sourcecode.swift; path = MemberInfoCodable.swift; sourceTree = "<group>"; };
		84874E60246292C000232FB9 /* MemberInfoAddress.swift */ = {isa = PBXFileReference; fileEncoding = 4; lastKnownFileType = sourcecode.swift; path = MemberInfoAddress.swift; sourceTree = "<group>"; };
		84874E62246292C600232FB9 /* MemberInfoApi.swift */ = {isa = PBXFileReference; fileEncoding = 4; lastKnownFileType = sourcecode.swift; path = MemberInfoApi.swift; sourceTree = "<group>"; };
		84874E6524629F1500232FB9 /* AddMyFavoriteApi.swift */ = {isa = PBXFileReference; lastKnownFileType = sourcecode.swift; path = AddMyFavoriteApi.swift; sourceTree = "<group>"; };
		84874E6724629F3B00232FB9 /* AddMyFavoriteCodable.swift */ = {isa = PBXFileReference; lastKnownFileType = sourcecode.swift; path = AddMyFavoriteCodable.swift; sourceTree = "<group>"; };
		8490F24B2429B30300A59020 /* NearbyStoresViewController.swift */ = {isa = PBXFileReference; lastKnownFileType = sourcecode.swift; path = NearbyStoresViewController.swift; sourceTree = "<group>"; };
		8490F24D2429F59800A59020 /* NearbyStoresTableViewCell.swift */ = {isa = PBXFileReference; lastKnownFileType = sourcecode.swift; path = NearbyStoresTableViewCell.swift; sourceTree = "<group>"; };
		8490F252242CA34C00A59020 /* MenuTableViewCell.swift */ = {isa = PBXFileReference; lastKnownFileType = sourcecode.swift; path = MenuTableViewCell.swift; sourceTree = "<group>"; };
		8490F257242CB50700A59020 /* ShopcCarViewController.swift */ = {isa = PBXFileReference; lastKnownFileType = sourcecode.swift; path = ShopcCarViewController.swift; sourceTree = "<group>"; };
		8490F259242CB51500A59020 /* ShopCarTableViewCell.swift */ = {isa = PBXFileReference; lastKnownFileType = sourcecode.swift; path = ShopCarTableViewCell.swift; sourceTree = "<group>"; };
		8490F25C242F8A8300A59020 /* OrderViewController.swift */ = {isa = PBXFileReference; lastKnownFileType = sourcecode.swift; path = OrderViewController.swift; sourceTree = "<group>"; };
		8490F25E2431C1D500A59020 /* OrderTableViewCell.swift */ = {isa = PBXFileReference; lastKnownFileType = sourcecode.swift; path = OrderTableViewCell.swift; sourceTree = "<group>"; };
		8490F2612433182F00A59020 /* OrderApi.swift */ = {isa = PBXFileReference; lastKnownFileType = sourcecode.swift; path = OrderApi.swift; sourceTree = "<group>"; };
		8490F263243318E100A59020 /* OrderColadable.swift */ = {isa = PBXFileReference; lastKnownFileType = sourcecode.swift; path = OrderColadable.swift; sourceTree = "<group>"; };
		8490F2652435E94B00A59020 /* Order.swift */ = {isa = PBXFileReference; lastKnownFileType = sourcecode.swift; path = Order.swift; sourceTree = "<group>"; };
		8490F26E243DC44200A59020 /* BannerCollectionViewCell.swift */ = {isa = PBXFileReference; lastKnownFileType = sourcecode.swift; path = BannerCollectionViewCell.swift; sourceTree = "<group>"; };
		84C0CF622463BA5B006A3DE0 /* GetShoppingCarApi.swift */ = {isa = PBXFileReference; lastKnownFileType = sourcecode.swift; path = GetShoppingCarApi.swift; sourceTree = "<group>"; };
		84C0CF642463BA69006A3DE0 /* GetShoppingCarItem.swift */ = {isa = PBXFileReference; lastKnownFileType = sourcecode.swift; path = GetShoppingCarItem.swift; sourceTree = "<group>"; };
		84C0CF662463BDC2006A3DE0 /* GetShoppingDetail.swift */ = {isa = PBXFileReference; lastKnownFileType = sourcecode.swift; path = GetShoppingDetail.swift; sourceTree = "<group>"; };
		84C0CF682463F5B2006A3DE0 /* UpdateShoppingCarCodable.swift */ = {isa = PBXFileReference; lastKnownFileType = sourcecode.swift; path = UpdateShoppingCarCodable.swift; sourceTree = "<group>"; };
		84C0CF6A2463F5C0006A3DE0 /* UpdateShoppingCarApi.swift */ = {isa = PBXFileReference; lastKnownFileType = sourcecode.swift; path = UpdateShoppingCarApi.swift; sourceTree = "<group>"; };
		84C0CF6C2463F638006A3DE0 /* Params.swift */ = {isa = PBXFileReference; lastKnownFileType = sourcecode.swift; path = Params.swift; sourceTree = "<group>"; };
		84C0CF6E246A723F006A3DE0 /* DeleteSingleItem.swift */ = {isa = PBXFileReference; lastKnownFileType = sourcecode.swift; path = DeleteSingleItem.swift; sourceTree = "<group>"; };
		84C0CF70246A743F006A3DE0 /* DeleteSingleItemApi.swift */ = {isa = PBXFileReference; lastKnownFileType = sourcecode.swift; path = DeleteSingleItemApi.swift; sourceTree = "<group>"; };
		84C0CF72246E84A2006A3DE0 /* ConfirmOrderViewController.swift */ = {isa = PBXFileReference; lastKnownFileType = sourcecode.swift; path = ConfirmOrderViewController.swift; sourceTree = "<group>"; };
		84C0CF74246E84BE006A3DE0 /* ConfirmOrderTableViewCell.swift */ = {isa = PBXFileReference; lastKnownFileType = sourcecode.swift; path = ConfirmOrderTableViewCell.swift; sourceTree = "<group>"; };
		84C2E2AA23EBDD7F008AB33F /* ForgerPasswordSmsApi.swift */ = {isa = PBXFileReference; lastKnownFileType = sourcecode.swift; path = ForgerPasswordSmsApi.swift; sourceTree = "<group>"; };
		84C2E2AC23EBDE93008AB33F /* ForgotPasswordSmsCodable.swift */ = {isa = PBXFileReference; lastKnownFileType = sourcecode.swift; path = ForgotPasswordSmsCodable.swift; sourceTree = "<group>"; };
		84C2E2AE23EBE084008AB33F /* SendResetForgotPasswordApi.swift */ = {isa = PBXFileReference; lastKnownFileType = sourcecode.swift; path = SendResetForgotPasswordApi.swift; sourceTree = "<group>"; };
		84C2E2B023EBE8B1008AB33F /* SendResetForgotPasswordCodable.swift */ = {isa = PBXFileReference; lastKnownFileType = sourcecode.swift; path = SendResetForgotPasswordCodable.swift; sourceTree = "<group>"; };
		84C2E2B223EBEB5B008AB33F /* ResetPasswordApi.swift */ = {isa = PBXFileReference; lastKnownFileType = sourcecode.swift; path = ResetPasswordApi.swift; sourceTree = "<group>"; };
		84C2E2B423EBF0A3008AB33F /* ResetPasswordCodable.swift */ = {isa = PBXFileReference; lastKnownFileType = sourcecode.swift; path = ResetPasswordCodable.swift; sourceTree = "<group>"; };
		84C2E2B723EBF921008AB33F /* ForgotPasswordViewController.swift */ = {isa = PBXFileReference; lastKnownFileType = sourcecode.swift; path = ForgotPasswordViewController.swift; sourceTree = "<group>"; };
		84C2E2BA23ED26A7008AB33F /* ResetPasswordViewController.swift */ = {isa = PBXFileReference; lastKnownFileType = sourcecode.swift; path = ResetPasswordViewController.swift; sourceTree = "<group>"; };
		84D09B3224163FA50019A0B4 /* GenderTableViewController.swift */ = {isa = PBXFileReference; lastKnownFileType = sourcecode.swift; path = GenderTableViewController.swift; sourceTree = "<group>"; };
		84D09B352417437B0019A0B4 /* SetNotifyTableViewController.swift */ = {isa = PBXFileReference; lastKnownFileType = sourcecode.swift; path = SetNotifyTableViewController.swift; sourceTree = "<group>"; };
		84D09B3924177FA10019A0B4 /* SetPasswordViewController.swift */ = {isa = PBXFileReference; lastKnownFileType = sourcecode.swift; path = SetPasswordViewController.swift; sourceTree = "<group>"; };
		84D09B3B241783D10019A0B4 /* SetEmailViewController.swift */ = {isa = PBXFileReference; fileEncoding = 4; lastKnownFileType = sourcecode.swift; path = SetEmailViewController.swift; sourceTree = "<group>"; };
		84D09B3D2418B4250019A0B4 /* SetNameViewController.swift */ = {isa = PBXFileReference; lastKnownFileType = sourcecode.swift; path = SetNameViewController.swift; sourceTree = "<group>"; };
		84D09B3F2418E5070019A0B4 /* FeedBackTableViewCell.swift */ = {isa = PBXFileReference; lastKnownFileType = sourcecode.swift; path = FeedBackTableViewCell.swift; sourceTree = "<group>"; };
		84D09B412418E5220019A0B4 /* FeedBackViewController.swift */ = {isa = PBXFileReference; lastKnownFileType = sourcecode.swift; path = FeedBackViewController.swift; sourceTree = "<group>"; };
		84D09B432418E6190019A0B4 /* AddFeedBackViewController.swift */ = {isa = PBXFileReference; lastKnownFileType = sourcecode.swift; path = AddFeedBackViewController.swift; sourceTree = "<group>"; };
		84D09B46241A2B7C0019A0B4 /* MessageNotifyAPI.swift */ = {isa = PBXFileReference; lastKnownFileType = sourcecode.swift; path = MessageNotifyAPI.swift; sourceTree = "<group>"; };
		84D09B48241A2C130019A0B4 /* MessageNotifyCodable.swift */ = {isa = PBXFileReference; lastKnownFileType = sourcecode.swift; path = MessageNotifyCodable.swift; sourceTree = "<group>"; };
		84D09B4C241F21810019A0B4 /* VoucherViewController.swift */ = {isa = PBXFileReference; lastKnownFileType = sourcecode.swift; path = VoucherViewController.swift; sourceTree = "<group>"; };
		84D09B4E241F21A20019A0B4 /* VoucherTableViewCell.swift */ = {isa = PBXFileReference; lastKnownFileType = sourcecode.swift; path = VoucherTableViewCell.swift; sourceTree = "<group>"; };
		84EEC5C823D1C314005627FF /* seven_tea.app */ = {isa = PBXFileReference; explicitFileType = wrapper.application; includeInIndex = 0; path = seven_tea.app; sourceTree = BUILT_PRODUCTS_DIR; };
		84EEC5CB23D1C314005627FF /* AppDelegate.swift */ = {isa = PBXFileReference; lastKnownFileType = sourcecode.swift; path = AppDelegate.swift; sourceTree = "<group>"; };
		84EEC5CD23D1C314005627FF /* SceneDelegate.swift */ = {isa = PBXFileReference; lastKnownFileType = sourcecode.swift; path = SceneDelegate.swift; sourceTree = "<group>"; };
		84EEC5CF23D1C314005627FF /* ViewController.swift */ = {isa = PBXFileReference; lastKnownFileType = sourcecode.swift; path = ViewController.swift; sourceTree = "<group>"; };
		84EEC5D423D1C315005627FF /* Assets.xcassets */ = {isa = PBXFileReference; lastKnownFileType = folder.assetcatalog; path = Assets.xcassets; sourceTree = "<group>"; };
		84EEC5D723D1C315005627FF /* Base */ = {isa = PBXFileReference; lastKnownFileType = file.storyboard; name = Base; path = Base.lproj/LaunchScreen.storyboard; sourceTree = "<group>"; };
		84EEC5D923D1C315005627FF /* Info.plist */ = {isa = PBXFileReference; lastKnownFileType = text.plist.xml; path = Info.plist; sourceTree = "<group>"; };
		84EEC5EB23D410B8005627FF /* MemberRegisterSmsCodable.swift */ = {isa = PBXFileReference; lastKnownFileType = sourcecode.swift; path = MemberRegisterSmsCodable.swift; sourceTree = "<group>"; };
		84EEC5F323D4127C005627FF /* UserInfo.swift */ = {isa = PBXFileReference; lastKnownFileType = sourcecode.swift; path = UserInfo.swift; sourceTree = "<group>"; };
		84EEC5F523D412AF005627FF /* AccountCodable.swift */ = {isa = PBXFileReference; lastKnownFileType = sourcecode.swift; path = AccountCodable.swift; sourceTree = "<group>"; };
		84EEC5F723D412BB005627FF /* Account.swift */ = {isa = PBXFileReference; lastKnownFileType = sourcecode.swift; path = Account.swift; sourceTree = "<group>"; };
		84EEC5F923D412C9005627FF /* AccountApi.swift */ = {isa = PBXFileReference; lastKnownFileType = sourcecode.swift; path = AccountApi.swift; sourceTree = "<group>"; };
		84EEC5FD23D4131D005627FF /* Home.storyboard */ = {isa = PBXFileReference; lastKnownFileType = file.storyboard; path = Home.storyboard; sourceTree = "<group>"; };
		84EEC60123D4134B005627FF /* MemberCenter.storyboard */ = {isa = PBXFileReference; lastKnownFileType = file.storyboard; path = MemberCenter.storyboard; sourceTree = "<group>"; };
		84EEC60423D41483005627FF /* MenberCenterViewController.swift */ = {isa = PBXFileReference; lastKnownFileType = sourcecode.swift; path = MenberCenterViewController.swift; sourceTree = "<group>"; };
		84EEC60C23D41503005627FF /* MyFavoriteViewController.swift */ = {isa = PBXFileReference; lastKnownFileType = sourcecode.swift; path = MyFavoriteViewController.swift; sourceTree = "<group>"; };
		84EEC61223D4155C005627FF /* FrequentlyAskedQuestionsApi.swift */ = {isa = PBXFileReference; lastKnownFileType = sourcecode.swift; path = FrequentlyAskedQuestionsApi.swift; sourceTree = "<group>"; };
		84EEC61423D4156F005627FF /* FrequentlyAskedQuestionsCodable.swift */ = {isa = PBXFileReference; lastKnownFileType = sourcecode.swift; path = FrequentlyAskedQuestionsCodable.swift; sourceTree = "<group>"; };
		84EEC61623D41586005627FF /* FrequentlyAskedQuestions.swift */ = {isa = PBXFileReference; lastKnownFileType = sourcecode.swift; path = FrequentlyAskedQuestions.swift; sourceTree = "<group>"; };
		84EEC61823D415A8005627FF /* MyFavoriteApi.swift */ = {isa = PBXFileReference; lastKnownFileType = sourcecode.swift; path = MyFavoriteApi.swift; sourceTree = "<group>"; };
		84EEC61A23D415B5005627FF /* MyFavoriteCodable.swift */ = {isa = PBXFileReference; lastKnownFileType = sourcecode.swift; path = MyFavoriteCodable.swift; sourceTree = "<group>"; };
		84EEC61C23D415CB005627FF /* MyFavorite.swift */ = {isa = PBXFileReference; lastKnownFileType = sourcecode.swift; path = MyFavorite.swift; sourceTree = "<group>"; };
		84EEC62523D4215C005627FF /* getLoginMessage.swift */ = {isa = PBXFileReference; lastKnownFileType = sourcecode.swift; path = getLoginMessage.swift; sourceTree = "<group>"; };
		84EEC62723D4216C005627FF /* SingUpModelController.swift */ = {isa = PBXFileReference; lastKnownFileType = sourcecode.swift; path = SingUpModelController.swift; sourceTree = "<group>"; };
		84EEC62C23D421EE005627FF /* GetMemberCenterMessage.swift */ = {isa = PBXFileReference; lastKnownFileType = sourcecode.swift; path = GetMemberCenterMessage.swift; sourceTree = "<group>"; };
		84EEC62E23D4220D005627FF /* MyFavoriteModelController.swift */ = {isa = PBXFileReference; lastKnownFileType = sourcecode.swift; path = MyFavoriteModelController.swift; sourceTree = "<group>"; };
		84EEC63023D4222E005627FF /* FrequentlyAskedQuestionsModelController.swift */ = {isa = PBXFileReference; lastKnownFileType = sourcecode.swift; path = FrequentlyAskedQuestionsModelController.swift; sourceTree = "<group>"; };
		84EEC64023D537FC005627FF /* Order.storyboard */ = {isa = PBXFileReference; lastKnownFileType = file.storyboard; path = Order.storyboard; sourceTree = "<group>"; };
		84EEC64223D5388C005627FF /* ShoppingCart.storyboard */ = {isa = PBXFileReference; lastKnownFileType = file.storyboard; path = ShoppingCart.storyboard; sourceTree = "<group>"; };
		84EEC64723D68429005627FF /* Location.swift */ = {isa = PBXFileReference; lastKnownFileType = sourcecode.swift; path = Location.swift; sourceTree = "<group>"; };
		84F7C87F23E5E9D70097EAD0 /* Regex.swift */ = {isa = PBXFileReference; lastKnownFileType = sourcecode.swift; path = Regex.swift; sourceTree = "<group>"; };
		84F7C88423E7FE460097EAD0 /* MessageAlert.swift */ = {isa = PBXFileReference; lastKnownFileType = sourcecode.swift; path = MessageAlert.swift; sourceTree = "<group>"; };
		84F7C88A23EA91A60097EAD0 /* Animate.swift */ = {isa = PBXFileReference; lastKnownFileType = sourcecode.swift; path = Animate.swift; sourceTree = "<group>"; };
		84F7C88C23EAD19F0097EAD0 /* LogInViewController.swift */ = {isa = PBXFileReference; fileEncoding = 4; lastKnownFileType = sourcecode.swift; path = LogInViewController.swift; sourceTree = "<group>"; };
		84F7C88E23EAD1C90097EAD0 /* LoginApi.swift */ = {isa = PBXFileReference; fileEncoding = 4; lastKnownFileType = sourcecode.swift; path = LoginApi.swift; sourceTree = "<group>"; };
		84F7C88F23EAD1C90097EAD0 /* LoginCodable.swift */ = {isa = PBXFileReference; fileEncoding = 4; lastKnownFileType = sourcecode.swift; path = LoginCodable.swift; sourceTree = "<group>"; };
		84FADF1823F66A7F00C824C6 /* MemberRegiseterSmsApi.swift */ = {isa = PBXFileReference; fileEncoding = 4; lastKnownFileType = sourcecode.swift; path = MemberRegiseterSmsApi.swift; sourceTree = "<group>"; };
		84FADF1A23F66CBE00C824C6 /* MemberRegisterInfoCodable.swift */ = {isa = PBXFileReference; fileEncoding = 4; lastKnownFileType = sourcecode.swift; path = MemberRegisterInfoCodable.swift; sourceTree = "<group>"; };
		84FADF1C23F66E9200C824C6 /* MemberRegistrtCodable.swift */ = {isa = PBXFileReference; fileEncoding = 4; lastKnownFileType = sourcecode.swift; path = MemberRegistrtCodable.swift; sourceTree = "<group>"; };
		84FADF1E23F66FDA00C824C6 /* SendMemberRegisterInfoApi.swift */ = {isa = PBXFileReference; fileEncoding = 4; lastKnownFileType = sourcecode.swift; path = SendMemberRegisterInfoApi.swift; sourceTree = "<group>"; };
		84FADF2023F6712700C824C6 /* SendMemberRegistrApi.swift */ = {isa = PBXFileReference; fileEncoding = 4; lastKnownFileType = sourcecode.swift; path = SendMemberRegistrApi.swift; sourceTree = "<group>"; };
		84FADF2323F674B400C824C6 /* VerificationCodeTimer.swift */ = {isa = PBXFileReference; fileEncoding = 4; lastKnownFileType = sourcecode.swift; path = VerificationCodeTimer.swift; sourceTree = "<group>"; };
		84FADF2523F675D200C824C6 /* SendMemberRegisterInfoViewController.swift */ = {isa = PBXFileReference; fileEncoding = 4; lastKnownFileType = sourcecode.swift; path = SendMemberRegisterInfoViewController.swift; sourceTree = "<group>"; };
		84FADF2723F6775600C824C6 /* MemberRegiseterViewController.swift */ = {isa = PBXFileReference; fileEncoding = 4; lastKnownFileType = sourcecode.swift; path = MemberRegiseterViewController.swift; sourceTree = "<group>"; };
		84FADF2B23F678B600C824C6 /* SendMemberRegistrViewController.swift */ = {isa = PBXFileReference; fileEncoding = 4; lastKnownFileType = sourcecode.swift; path = SendMemberRegistrViewController.swift; sourceTree = "<group>"; };
		84FADF3023F78AB300C824C6 /* RegexMessage.swift */ = {isa = PBXFileReference; lastKnownFileType = sourcecode.swift; path = RegexMessage.swift; sourceTree = "<group>"; };
		84FADF3423F7CAB400C824C6 /* UIelementsController.swift */ = {isa = PBXFileReference; lastKnownFileType = sourcecode.swift; path = UIelementsController.swift; sourceTree = "<group>"; };
		84FADF4523FE88CE00C824C6 /* AppOverAllStyle.swift */ = {isa = PBXFileReference; fileEncoding = 4; lastKnownFileType = sourcecode.swift; path = AppOverAllStyle.swift; sourceTree = "<group>"; };
		84FADF4823FE8B0100C824C6 /* JumpPage.swift */ = {isa = PBXFileReference; fileEncoding = 4; lastKnownFileType = sourcecode.swift; path = JumpPage.swift; sourceTree = "<group>"; };
		84FADF4B23FE8B4E00C824C6 /* PredicatesFunc.swift */ = {isa = PBXFileReference; fileEncoding = 4; lastKnownFileType = sourcecode.swift; path = PredicatesFunc.swift; sourceTree = "<group>"; };
		84FADF4D23FE8B9500C824C6 /* GetMemberRegisterMessage.swift */ = {isa = PBXFileReference; fileEncoding = 4; lastKnownFileType = sourcecode.swift; path = GetMemberRegisterMessage.swift; sourceTree = "<group>"; };
		84FADF4F23FE8F9600C824C6 /* Main.storyboard */ = {isa = PBXFileReference; fileEncoding = 4; lastKnownFileType = file.storyboard; path = Main.storyboard; sourceTree = "<group>"; };
		CC0F84A34AE3A05ED5B91CDE /* Pods-seven_tea.debug.xcconfig */ = {isa = PBXFileReference; includeInIndex = 1; lastKnownFileType = text.xcconfig; name = "Pods-seven_tea.debug.xcconfig"; path = "Target Support Files/Pods-seven_tea/Pods-seven_tea.debug.xcconfig"; sourceTree = "<group>"; };
		F156A33D2D853E29BDEB8C00 /* Pods_seven_tea.framework */ = {isa = PBXFileReference; explicitFileType = wrapper.framework; includeInIndex = 0; path = Pods_seven_tea.framework; sourceTree = BUILT_PRODUCTS_DIR; };
/* End PBXFileReference section */

/* Begin PBXFrameworksBuildPhase section */
		84EEC5C523D1C314005627FF /* Frameworks */ = {
			isa = PBXFrameworksBuildPhase;
			buildActionMask = 2147483647;
			files = (
				405E73E13BC44114DFD156E5 /* Pods_seven_tea.framework in Frameworks */,
			);
			runOnlyForDeploymentPostprocessing = 0;
		};
/* End PBXFrameworksBuildPhase section */

/* Begin PBXGroup section */
		7A73BFCD543E67652C1C7712 /* Frameworks */ = {
			isa = PBXGroup;
			children = (
				F156A33D2D853E29BDEB8C00 /* Pods_seven_tea.framework */,
			);
			name = Frameworks;
			sourceTree = "<group>";
		};
		8425538F244599FE004C9B23 /* PromotionBanner */ = {
			isa = PBXGroup;
			children = (
				842553872445953F004C9B23 /* PromotionBannerCodable.swift */,
				8425539B24459D0D004C9B23 /* PromotionBanner.swift */,
				842553A32445ADC3004C9B23 /* PromotionBannerApi.swift */,
			);
			path = PromotionBanner;
			sourceTree = "<group>";
		};
		8425539024459A01004C9B23 /* SlideBanner */ = {
			isa = PBXGroup;
			children = (
				84255389244596B5004C9B23 /* SlideBannerCodable.swift */,
				8425539924459C8F004C9B23 /* SlideBanner.swift */,
				842553A12445ABF5004C9B23 /* SlideBannerApi.swift */,
			);
			path = SlideBanner;
			sourceTree = "<group>";
		};
		8425539124459A04004C9B23 /* MarketingBanner */ = {
			isa = PBXGroup;
			children = (
				8425538B24459826004C9B23 /* MarketingBannerCodable.swift */,
				8425539724459C07004C9B23 /* MarkeringBanner.swift */,
				8425539F2445A314004C9B23 /* MarketingBannerApi.swift */,
			);
			path = MarketingBanner;
			sourceTree = "<group>";
		};
		8425539224459A07004C9B23 /* LoadingBanner */ = {
			isa = PBXGroup;
			children = (
				8425538D24459902004C9B23 /* LoadingBannerCodable.swift */,
				8425539524459B64004C9B23 /* LoadingBanner.swift */,
				8425539D2445A0CD004C9B23 /* LoadingBannerApi.swift */,
			);
			path = LoadingBanner;
			sourceTree = "<group>";
		};
		84316C00240E5CCC002CD226 /* AllList */ = {
			isa = PBXGroup;
			children = (
				84316C01240E5CFF002CD226 /* AllList.swift */,
			);
			path = AllList;
			sourceTree = "<group>";
		};
		84479E8D2446FCF100D10DBA /* Menu */ = {
			isa = PBXGroup;
			children = (
				84874E142454303D00232FB9 /* GetMenuProduct */,
				84874E0F2452D6BE00232FB9 /* GetMenuCategory */,
				84479E9D24495CE500D10DBA /* NerabyStores */,
				84479E9C2449530D00D10DBA /* NerabyStoresTag */,
			);
			path = Menu;
			sourceTree = "<group>";
		};
		84479E9C2449530D00D10DBA /* NerabyStoresTag */ = {
			isa = PBXGroup;
			children = (
				84479E8E2446FD2300D10DBA /* CityTagCodable.swift */,
				84479E902446FE5500D10DBA /* DistrictTagCodable.swift */,
				84479E922446FEF900D10DBA /* CityTag.swift */,
				84479E942446FF0600D10DBA /* DistrictTag.swift */,
				84479E962447001D00D10DBA /* CityTagApi.swift */,
				84479E9A2447027100D10DBA /* DistricTagApi.swift */,
			);
			path = NerabyStoresTag;
			sourceTree = "<group>";
		};
		84479E9D24495CE500D10DBA /* NerabyStores */ = {
			isa = PBXGroup;
			children = (
				84479EA02449812900D10DBA /* GetStore.swift */,
				8454AA1A244EC174008FB05E /* GetStoresApi.swift */,
				84874E0B244F2DAE00232FB9 /* OpeningTime.swift */,
				84874E0D2452B37400232FB9 /* GpsGetStoresApi.swift */,
			);
			path = NerabyStores;
			sourceTree = "<group>";
		};
		84572B17242207EF00E11696 /* HomeViewController */ = {
			isa = PBXGroup;
			children = (
				84572B182422082200E11696 /* HomeCollectionViewCell.swift */,
				84572B1A2422088A00E11696 /* HomeViewController.swift */,
				8490F26E243DC44200A59020 /* BannerCollectionViewCell.swift */,
			);
			path = HomeViewController;
			sourceTree = "<group>";
		};
		84874E06244F043C00232FB9 /* VerifyEmail */ = {
			isa = PBXGroup;
			children = (
				84874E07244F048900232FB9 /* VerifyEmailCodable.swift */,
				84874E09244F04A300232FB9 /* VerifyEmailApi.swift */,
				84874E2C245EAC2100232FB9 /* SendSetVerifyEmailApi.swift */,
				84874E2E245EAC3200232FB9 /* SendSetVerifyEmailCodable.swift */,
			);
			path = VerifyEmail;
			sourceTree = "<group>";
		};
		84874E0F2452D6BE00232FB9 /* GetMenuCategory */ = {
			isa = PBXGroup;
			children = (
				84874E102452D6E800232FB9 /* GetMenuCategory.swift */,
				84874E122452D86200232FB9 /* GetMenuCategoryApi.swift */,
			);
			path = GetMenuCategory;
			sourceTree = "<group>";
		};
		84874E142454303D00232FB9 /* GetMenuProduct */ = {
			isa = PBXGroup;
			children = (
				84874E152454305500232FB9 /* GetMenuProduct.swift */,
				84874E172454306700232FB9 /* GetMenuProductApi.swift */,
				84874E1D2455BFF800232FB9 /* ProductTemp.swift */,
				84874E19245436C900232FB9 /* ProductSize.swift */,
				84874E1B2455BF1A00232FB9 /* ProductPrice.swift */,
				84874E1F2455C04700232FB9 /* ProductSugar.swift */,
				84874E212455C09200232FB9 /* ProductAdd.swift */,
				84874E292459688300232FB9 /* ProductIceTemp.swift */,
				84874E38245EC37F00232FB9 /* ProductHotTemp.swift */,
			);
			path = GetMenuProduct;
			sourceTree = "<group>";
		};
		84874E31245EB26300232FB9 /* FeedVack */ = {
			isa = PBXGroup;
			children = (
				84874E32245EB28100232FB9 /* FeedBackOptionApi.swift */,
				84874E34245EB29200232FB9 /* FeedBackOptionCodable.swift */,
				84874E36245EB3B100232FB9 /* FeedBackOption.swift */,
			);
			path = FeedVack;
			sourceTree = "<group>";
		};
		84874E46245FFB7F00232FB9 /* ShoppingCar */ = {
			isa = PBXGroup;
			children = (
				84874E47245FFB9400232FB9 /* AddShoppingCarApi.swift */,
				84874E49245FFB9F00232FB9 /* AddShoppingCarCodable.swift */,
				84C0CF622463BA5B006A3DE0 /* GetShoppingCarApi.swift */,
				84C0CF642463BA69006A3DE0 /* GetShoppingCarItem.swift */,
				84C0CF662463BDC2006A3DE0 /* GetShoppingDetail.swift */,
				84C0CF682463F5B2006A3DE0 /* UpdateShoppingCarCodable.swift */,
				84C0CF6A2463F5C0006A3DE0 /* UpdateShoppingCarApi.swift */,
				84C0CF6C2463F638006A3DE0 /* Params.swift */,
				84C0CF6E246A723F006A3DE0 /* DeleteSingleItem.swift */,
				84C0CF70246A743F006A3DE0 /* DeleteSingleItemApi.swift */,
			);
			path = ShoppingCar;
			sourceTree = "<group>";
		};
		84874E4D24600E3400232FB9 /* ShopingCar */ = {
			isa = PBXGroup;
			children = (
				84874E4E24600E4300232FB9 /* GetShopingCarMessage.swift */,
			);
			path = ShopingCar;
			sourceTree = "<group>";
		};
		84874E6424629EF400232FB9 /* AddMyFavorite */ = {
			isa = PBXGroup;
			children = (
				84874E6524629F1500232FB9 /* AddMyFavoriteApi.swift */,
				84874E6724629F3B00232FB9 /* AddMyFavoriteCodable.swift */,
			);
			path = AddMyFavorite;
			sourceTree = "<group>";
		};
		8490F251242CA33200A59020 /* MenuViewController */ = {
			isa = PBXGroup;
			children = (
				8490F24D2429F59800A59020 /* NearbyStoresTableViewCell.swift */,
				8490F24B2429B30300A59020 /* NearbyStoresViewController.swift */,
				8490F252242CA34C00A59020 /* MenuTableViewCell.swift */,
				84255380243F27B4004C9B23 /* MenuViewController.swift */,
				84255381243F27B4004C9B23 /* MenuDetailService.swift */,
				8425537F243F27B4004C9B23 /* MenuDetailViewController.swift */,
				8425538524407540004C9B23 /* FeedCollectionViewCell.swift */,
				84874E2324570F2C00232FB9 /* CategoryTableViewCell.swift */,
				84874E2524594B5900232FB9 /* TempCollectionViewCell.swift */,
				84874E2724594B6600232FB9 /* SugarCollectionViewCell.swift */,
			);
			path = MenuViewController;
			sourceTree = "<group>";
		};
		8490F256242CB4D400A59020 /* ShopCarViewController */ = {
			isa = PBXGroup;
			children = (
				8490F257242CB50700A59020 /* ShopcCarViewController.swift */,
				8490F259242CB51500A59020 /* ShopCarTableViewCell.swift */,
				84C0CF72246E84A2006A3DE0 /* ConfirmOrderViewController.swift */,
				84C0CF74246E84BE006A3DE0 /* ConfirmOrderTableViewCell.swift */,
			);
			path = ShopCarViewController;
			sourceTree = "<group>";
		};
		8490F25B242F8A6600A59020 /* OrderViewController */ = {
			isa = PBXGroup;
			children = (
				8490F25C242F8A8300A59020 /* OrderViewController.swift */,
				8490F25E2431C1D500A59020 /* OrderTableViewCell.swift */,
			);
			path = OrderViewController;
			sourceTree = "<group>";
		};
		8490F2602433181300A59020 /* Order */ = {
			isa = PBXGroup;
			children = (
				8490F2612433182F00A59020 /* OrderApi.swift */,
				8490F263243318E100A59020 /* OrderColadable.swift */,
				8490F2652435E94B00A59020 /* Order.swift */,
			);
			path = Order;
			sourceTree = "<group>";
		};
		8490F267243C7AC600A59020 /* Home */ = {
			isa = PBXGroup;
			children = (
				8425539224459A07004C9B23 /* LoadingBanner */,
				8425539124459A04004C9B23 /* MarketingBanner */,
				8425539024459A01004C9B23 /* SlideBanner */,
				8425538F244599FE004C9B23 /* PromotionBanner */,
			);
			path = Home;
			sourceTree = "<group>";
		};
		84C2E2A923EBDD4C008AB33F /* ForgotPassword */ = {
			isa = PBXGroup;
			children = (
				84C2E2AA23EBDD7F008AB33F /* ForgerPasswordSmsApi.swift */,
				84C2E2AC23EBDE93008AB33F /* ForgotPasswordSmsCodable.swift */,
				84C2E2AE23EBE084008AB33F /* SendResetForgotPasswordApi.swift */,
				84C2E2B023EBE8B1008AB33F /* SendResetForgotPasswordCodable.swift */,
				84C2E2B223EBEB5B008AB33F /* ResetPasswordApi.swift */,
				84C2E2B423EBF0A3008AB33F /* ResetPasswordCodable.swift */,
			);
			path = ForgotPassword;
			sourceTree = "<group>";
		};
		84C2E2B623EBF8E2008AB33F /* ForgotPasswordViewController */ = {
			isa = PBXGroup;
			children = (
				84C2E2B723EBF921008AB33F /* ForgotPasswordViewController.swift */,
				84C2E2BA23ED26A7008AB33F /* ResetPasswordViewController.swift */,
			);
			path = ForgotPasswordViewController;
			sourceTree = "<group>";
		};
		84D09B4B241F20D80019A0B4 /* Voucher */ = {
			isa = PBXGroup;
			children = (
				84D09B4C241F21810019A0B4 /* VoucherViewController.swift */,
				84D09B4E241F21A20019A0B4 /* VoucherTableViewCell.swift */,
			);
			path = Voucher;
			sourceTree = "<group>";
		};
		84EEC5BF23D1C314005627FF = {
			isa = PBXGroup;
			children = (
				84EEC5CA23D1C314005627FF /* seven_tea */,
				84EEC5C923D1C314005627FF /* Products */,
				E250CE323E558121A259B050 /* Pods */,
				7A73BFCD543E67652C1C7712 /* Frameworks */,
			);
			sourceTree = "<group>";
		};
		84EEC5C923D1C314005627FF /* Products */ = {
			isa = PBXGroup;
			children = (
				84EEC5C823D1C314005627FF /* seven_tea.app */,
			);
			name = Products;
			sourceTree = "<group>";
		};
		84EEC5CA23D1C314005627FF /* seven_tea */ = {
			isa = PBXGroup;
			children = (
				84EEC5CB23D1C314005627FF /* AppDelegate.swift */,
				84FADF4F23FE8F9600C824C6 /* Main.storyboard */,
				84EEC5CF23D1C314005627FF /* ViewController.swift */,
				84EEC5CD23D1C314005627FF /* SceneDelegate.swift */,
				84EEC5E223D3006E005627FF /* Model */,
				84EEC5E123D3006B005627FF /* View */,
				84EEC5E023D30059005627FF /* ViewController */,
				84EEC5DF23D30052005627FF /* OtherController */,
				84EEC5D423D1C315005627FF /* Assets.xcassets */,
				84EEC5D623D1C315005627FF /* LaunchScreen.storyboard */,
				84EEC5D923D1C315005627FF /* Info.plist */,
			);
			path = seven_tea;
			sourceTree = "<group>";
		};
		84EEC5DF23D30052005627FF /* OtherController */ = {
			isa = PBXGroup;
			children = (
				84EEC5FC23D41302005627FF /* ModelController */,
				84EEC5FB23D412F9005627FF /* HelpController */,
			);
			path = OtherController;
			sourceTree = "<group>";
		};
		84EEC5E023D30059005627FF /* ViewController */ = {
			isa = PBXGroup;
			children = (
				8490F25B242F8A6600A59020 /* OrderViewController */,
				84572B17242207EF00E11696 /* HomeViewController */,
				84EEC63223D42280005627FF /* MenberShipViewController */,
				84EEC60323D413EA005627FF /* MemberCenterViewController */,
				8490F251242CA33200A59020 /* MenuViewController */,
				8490F256242CB4D400A59020 /* ShopCarViewController */,
			);
			path = ViewController;
			sourceTree = "<group>";
		};
		84EEC5E123D3006B005627FF /* View */ = {
			isa = PBXGroup;
			children = (
				84EEC5FD23D4131D005627FF /* Home.storyboard */,
				84EEC60123D4134B005627FF /* MemberCenter.storyboard */,
				8425537D243F2798004C9B23 /* Menu.storyboard */,
				84EEC64023D537FC005627FF /* Order.storyboard */,
				84EEC64223D5388C005627FF /* ShoppingCart.storyboard */,
			);
			path = View;
			sourceTree = "<group>";
		};
		84EEC5E223D3006E005627FF /* Model */ = {
			isa = PBXGroup;
			children = (
				84479E8B2446F9A800D10DBA /* ApiUrl.swift */,
				84874E5E246292B800232FB9 /* MemberInfoCodable.swift */,
				84874E60246292C000232FB9 /* MemberInfoAddress.swift */,
				84874E62246292C600232FB9 /* MemberInfoApi.swift */,
				84874E46245FFB7F00232FB9 /* ShoppingCar */,
				8490F267243C7AC600A59020 /* Home */,
				84EEC5E423D30108005627FF /* MemberCenter */,
				84479E8D2446FCF100D10DBA /* Menu */,
				84EEC5E323D300E7005627FF /* MemberShip */,
				8490F2602433181300A59020 /* Order */,
			);
			path = Model;
			sourceTree = "<group>";
		};
		84EEC5E323D300E7005627FF /* MemberShip */ = {
			isa = PBXGroup;
			children = (
				84C2E2A923EBDD4C008AB33F /* ForgotPassword */,
				84EEC5E623D3012C005627FF /* SignUp */,
				84EEC5E523D30123005627FF /* Login */,
			);
			path = MemberShip;
			sourceTree = "<group>";
		};
		84EEC5E423D30108005627FF /* MemberCenter */ = {
			isa = PBXGroup;
			children = (
				84EEC5E923D30162005627FF /* AccountInformation */,
				84EEC5E823D3015F005627FF /* FrequentlyAskedQuestions */,
				84EEC5E723D30147005627FF /* MyFavorite */,
			);
			path = MemberCenter;
			sourceTree = "<group>";
		};
		84EEC5E523D30123005627FF /* Login */ = {
			isa = PBXGroup;
			children = (
				84F7C88E23EAD1C90097EAD0 /* LoginApi.swift */,
				84F7C88F23EAD1C90097EAD0 /* LoginCodable.swift */,
			);
			path = Login;
			sourceTree = "<group>";
		};
		84EEC5E623D3012C005627FF /* SignUp */ = {
			isa = PBXGroup;
			children = (
				84FADF1823F66A7F00C824C6 /* MemberRegiseterSmsApi.swift */,
				84EEC5EB23D410B8005627FF /* MemberRegisterSmsCodable.swift */,
				84FADF1E23F66FDA00C824C6 /* SendMemberRegisterInfoApi.swift */,
				84FADF1A23F66CBE00C824C6 /* MemberRegisterInfoCodable.swift */,
				84FADF2023F6712700C824C6 /* SendMemberRegistrApi.swift */,
				84FADF1C23F66E9200C824C6 /* MemberRegistrtCodable.swift */,
			);
			path = SignUp;
			sourceTree = "<group>";
		};
		84EEC5E723D30147005627FF /* MyFavorite */ = {
			isa = PBXGroup;
			children = (
				84874E6424629EF400232FB9 /* AddMyFavorite */,
				84EEC61823D415A8005627FF /* MyFavoriteApi.swift */,
				84EEC61A23D415B5005627FF /* MyFavoriteCodable.swift */,
				84EEC61C23D415CB005627FF /* MyFavorite.swift */,
			);
			path = MyFavorite;
			sourceTree = "<group>";
		};
		84EEC5E823D3015F005627FF /* FrequentlyAskedQuestions */ = {
			isa = PBXGroup;
			children = (
				84874E31245EB26300232FB9 /* FeedVack */,
				84EEC61223D4155C005627FF /* FrequentlyAskedQuestionsApi.swift */,
				84EEC61423D4156F005627FF /* FrequentlyAskedQuestionsCodable.swift */,
				84EEC61623D41586005627FF /* FrequentlyAskedQuestions.swift */,
				84D09B46241A2B7C0019A0B4 /* MessageNotifyAPI.swift */,
				84D09B48241A2C130019A0B4 /* MessageNotifyCodable.swift */,
			);
			path = FrequentlyAskedQuestions;
			sourceTree = "<group>";
		};
		84EEC5E923D30162005627FF /* AccountInformation */ = {
			isa = PBXGroup;
			children = (
				84874E06244F043C00232FB9 /* VerifyEmail */,
				84EEC5F523D412AF005627FF /* AccountCodable.swift */,
				84EEC5F723D412BB005627FF /* Account.swift */,
				84EEC5F923D412C9005627FF /* AccountApi.swift */,
			);
			path = AccountInformation;
			sourceTree = "<group>";
		};
		84EEC5FB23D412F9005627FF /* HelpController */ = {
			isa = PBXGroup;
			children = (
				84316C00240E5CCC002CD226 /* AllList */,
				84FADF4423FE88B200C824C6 /* AppOverAllStyle */,
				84FADF3323F7CA6100C824C6 /* UIelementsController */,
				84FADF2F23F6A2D800C824C6 /* UserInfo */,
				84FADF2E23F6A2CF00C824C6 /* Regex */,
				84FADF2D23F6A2BD00C824C6 /* MessageAlert */,
				84FADF2223F6749500C824C6 /* VerificationCodeTime */,
				84F7C88923EA91860097EAD0 /* Animate */,
				84EEC64623D683FD005627FF /* Permissions */,
			);
			path = HelpController;
			sourceTree = "<group>";
		};
		84EEC5FC23D41302005627FF /* ModelController */ = {
			isa = PBXGroup;
			children = (
				84874E4D24600E3400232FB9 /* ShopingCar */,
				84FADF4A23FE8B3200C824C6 /* Predicates */,
				84FADF4723FE8A8B00C824C6 /* JumpPages */,
				84EEC62123D42103005627FF /* MemberShip */,
				84EEC62023D420F4005627FF /* MemberCenter */,
			);
			path = ModelController;
			sourceTree = "<group>";
		};
		84EEC60323D413EA005627FF /* MemberCenterViewController */ = {
			isa = PBXGroup;
			children = (
				84EEC60423D41483005627FF /* MenberCenterViewController.swift */,
				84EEC60B23D414E0005627FF /* MyFavorite */,
				84EEC60923D414BB005627FF /* FrequentlyAskedQuestions */,
				84EEC60723D414A3005627FF /* AccountFomation */,
				84D09B4B241F20D80019A0B4 /* Voucher */,
			);
			path = MemberCenterViewController;
			sourceTree = "<group>";
		};
		84EEC60723D414A3005627FF /* AccountFomation */ = {
			isa = PBXGroup;
			children = (
				84316C082410D0A9002CD226 /* AccountFomationViewController.swift */,
				84D09B3224163FA50019A0B4 /* GenderTableViewController.swift */,
				84D09B352417437B0019A0B4 /* SetNotifyTableViewController.swift */,
				84D09B3B241783D10019A0B4 /* SetEmailViewController.swift */,
				84D09B3924177FA10019A0B4 /* SetPasswordViewController.swift */,
				84D09B3D2418B4250019A0B4 /* SetNameViewController.swift */,
			);
			path = AccountFomation;
			sourceTree = "<group>";
		};
		84EEC60923D414BB005627FF /* FrequentlyAskedQuestions */ = {
			isa = PBXGroup;
			children = (
				84316C1024124600002CD226 /* FrequentlyAskedQuestionsViewController.swift */,
				84D09B432418E6190019A0B4 /* AddFeedBackViewController.swift */,
				84D09B3F2418E5070019A0B4 /* FeedBackTableViewCell.swift */,
				84D09B412418E5220019A0B4 /* FeedBackViewController.swift */,
			);
			path = FrequentlyAskedQuestions;
			sourceTree = "<group>";
		};
		84EEC60B23D414E0005627FF /* MyFavorite */ = {
			isa = PBXGroup;
			children = (
				84EEC60C23D41503005627FF /* MyFavoriteViewController.swift */,
				84316C0E2411FB72002CD226 /* MyFavoriteTableViewCell.swift */,
			);
			path = MyFavorite;
			sourceTree = "<group>";
		};
		84EEC62023D420F4005627FF /* MemberCenter */ = {
			isa = PBXGroup;
			children = (
				84EEC62B23D4219F005627FF /* AccountInformation */,
				84EEC62A23D4219D005627FF /* MyFavorite */,
				84EEC62923D4219A005627FF /* FrequentlyAskedQuestions */,
			);
			path = MemberCenter;
			sourceTree = "<group>";
		};
		84EEC62123D42103005627FF /* MemberShip */ = {
			isa = PBXGroup;
			children = (
				84EEC62423D42148005627FF /* LogIn */,
				84EEC62223D42117005627FF /* SingUp */,
			);
			path = MemberShip;
			sourceTree = "<group>";
		};
		84EEC62223D42117005627FF /* SingUp */ = {
			isa = PBXGroup;
			children = (
				84FADF4D23FE8B9500C824C6 /* GetMemberRegisterMessage.swift */,
				84EEC62723D4216C005627FF /* SingUpModelController.swift */,
			);
			path = SingUp;
			sourceTree = "<group>";
		};
		84EEC62423D42148005627FF /* LogIn */ = {
			isa = PBXGroup;
			children = (
				84EEC62523D4215C005627FF /* getLoginMessage.swift */,
			);
			path = LogIn;
			sourceTree = "<group>";
		};
		84EEC62923D4219A005627FF /* FrequentlyAskedQuestions */ = {
			isa = PBXGroup;
			children = (
				84EEC63023D4222E005627FF /* FrequentlyAskedQuestionsModelController.swift */,
			);
			path = FrequentlyAskedQuestions;
			sourceTree = "<group>";
		};
		84EEC62A23D4219D005627FF /* MyFavorite */ = {
			isa = PBXGroup;
			children = (
				84EEC62E23D4220D005627FF /* MyFavoriteModelController.swift */,
			);
			path = MyFavorite;
			sourceTree = "<group>";
		};
		84EEC62B23D4219F005627FF /* AccountInformation */ = {
			isa = PBXGroup;
			children = (
				84EEC62C23D421EE005627FF /* GetMemberCenterMessage.swift */,
			);
			path = AccountInformation;
			sourceTree = "<group>";
		};
		84EEC63223D42280005627FF /* MenberShipViewController */ = {
			isa = PBXGroup;
			children = (
				84C2E2B623EBF8E2008AB33F /* ForgotPasswordViewController */,
				84EEC63423D422BF005627FF /* SingUpViewController */,
				84EEC63323D422B6005627FF /* LogInViewController */,
			);
			path = MenberShipViewController;
			sourceTree = "<group>";
		};
		84EEC63323D422B6005627FF /* LogInViewController */ = {
			isa = PBXGroup;
			children = (
				84F7C88C23EAD19F0097EAD0 /* LogInViewController.swift */,
			);
			path = LogInViewController;
			sourceTree = "<group>";
		};
		84EEC63423D422BF005627FF /* SingUpViewController */ = {
			isa = PBXGroup;
			children = (
				84FADF2723F6775600C824C6 /* MemberRegiseterViewController.swift */,
				84FADF2B23F678B600C824C6 /* SendMemberRegistrViewController.swift */,
				84FADF2523F675D200C824C6 /* SendMemberRegisterInfoViewController.swift */,
			);
			path = SingUpViewController;
			sourceTree = "<group>";
		};
		84EEC64623D683FD005627FF /* Permissions */ = {
			isa = PBXGroup;
			children = (
				84EEC64723D68429005627FF /* Location.swift */,
			);
			path = Permissions;
			sourceTree = "<group>";
		};
		84F7C88923EA91860097EAD0 /* Animate */ = {
			isa = PBXGroup;
			children = (
				84F7C88A23EA91A60097EAD0 /* Animate.swift */,
			);
			path = Animate;
			sourceTree = "<group>";
		};
		84FADF2223F6749500C824C6 /* VerificationCodeTime */ = {
			isa = PBXGroup;
			children = (
				84FADF2323F674B400C824C6 /* VerificationCodeTimer.swift */,
			);
			path = VerificationCodeTime;
			sourceTree = "<group>";
		};
		84FADF2D23F6A2BD00C824C6 /* MessageAlert */ = {
			isa = PBXGroup;
			children = (
				84F7C88423E7FE460097EAD0 /* MessageAlert.swift */,
			);
			path = MessageAlert;
			sourceTree = "<group>";
		};
		84FADF2E23F6A2CF00C824C6 /* Regex */ = {
			isa = PBXGroup;
			children = (
				84F7C87F23E5E9D70097EAD0 /* Regex.swift */,
				84FADF3023F78AB300C824C6 /* RegexMessage.swift */,
			);
			path = Regex;
			sourceTree = "<group>";
		};
		84FADF2F23F6A2D800C824C6 /* UserInfo */ = {
			isa = PBXGroup;
			children = (
				84EEC5F323D4127C005627FF /* UserInfo.swift */,
			);
			path = UserInfo;
			sourceTree = "<group>";
		};
		84FADF3323F7CA6100C824C6 /* UIelementsController */ = {
			isa = PBXGroup;
			children = (
				84FADF3423F7CAB400C824C6 /* UIelementsController.swift */,
			);
			path = UIelementsController;
			sourceTree = "<group>";
		};
		84FADF4423FE88B200C824C6 /* AppOverAllStyle */ = {
			isa = PBXGroup;
			children = (
				84FADF4523FE88CE00C824C6 /* AppOverAllStyle.swift */,
			);
			path = AppOverAllStyle;
			sourceTree = "<group>";
		};
		84FADF4723FE8A8B00C824C6 /* JumpPages */ = {
			isa = PBXGroup;
			children = (
				84FADF4823FE8B0100C824C6 /* JumpPage.swift */,
			);
			path = JumpPages;
			sourceTree = "<group>";
		};
		84FADF4A23FE8B3200C824C6 /* Predicates */ = {
			isa = PBXGroup;
			children = (
				84FADF4B23FE8B4E00C824C6 /* PredicatesFunc.swift */,
			);
			path = Predicates;
			sourceTree = "<group>";
		};
		E250CE323E558121A259B050 /* Pods */ = {
			isa = PBXGroup;
			children = (
				CC0F84A34AE3A05ED5B91CDE /* Pods-seven_tea.debug.xcconfig */,
				34C1A446550C46E86D532640 /* Pods-seven_tea.release.xcconfig */,
			);
			path = Pods;
			sourceTree = "<group>";
		};
/* End PBXGroup section */

/* Begin PBXNativeTarget section */
		84EEC5C723D1C314005627FF /* seven_tea */ = {
			isa = PBXNativeTarget;
			buildConfigurationList = 84EEC5DC23D1C315005627FF /* Build configuration list for PBXNativeTarget "seven_tea" */;
			buildPhases = (
				9933A729319B88E17D03668A /* [CP] Check Pods Manifest.lock */,
				84EEC5C423D1C314005627FF /* Sources */,
				84EEC5C523D1C314005627FF /* Frameworks */,
				84EEC5C623D1C314005627FF /* Resources */,
				BFD16C26740F825552D70C32 /* [CP] Embed Pods Frameworks */,
			);
			buildRules = (
			);
			dependencies = (
			);
			name = seven_tea;
			productName = seven_tea;
			productReference = 84EEC5C823D1C314005627FF /* seven_tea.app */;
			productType = "com.apple.product-type.application";
		};
/* End PBXNativeTarget section */

/* Begin PBXProject section */
		84EEC5C023D1C314005627FF /* Project object */ = {
			isa = PBXProject;
			attributes = {
				LastSwiftUpdateCheck = 1130;
				LastUpgradeCheck = 1130;
				ORGANIZATIONNAME = "harrison公司機";
				TargetAttributes = {
					84EEC5C723D1C314005627FF = {
						CreatedOnToolsVersion = 11.3;
					};
				};
			};
			buildConfigurationList = 84EEC5C323D1C314005627FF /* Build configuration list for PBXProject "seven_tea" */;
			compatibilityVersion = "Xcode 9.3";
			developmentRegion = en;
			hasScannedForEncodings = 0;
			knownRegions = (
				en,
				Base,
			);
			mainGroup = 84EEC5BF23D1C314005627FF;
			productRefGroup = 84EEC5C923D1C314005627FF /* Products */;
			projectDirPath = "";
			projectRoot = "";
			targets = (
				84EEC5C723D1C314005627FF /* seven_tea */,
			);
		};
/* End PBXProject section */

/* Begin PBXResourcesBuildPhase section */
		84EEC5C623D1C314005627FF /* Resources */ = {
			isa = PBXResourcesBuildPhase;
			buildActionMask = 2147483647;
			files = (
				84EEC64323D5388C005627FF /* ShoppingCart.storyboard in Resources */,
				84EEC60223D4134B005627FF /* MemberCenter.storyboard in Resources */,
				84EEC5D823D1C315005627FF /* LaunchScreen.storyboard in Resources */,
				8425537E243F2799004C9B23 /* Menu.storyboard in Resources */,
				84EEC5D523D1C315005627FF /* Assets.xcassets in Resources */,
				84EEC5FE23D4131D005627FF /* Home.storyboard in Resources */,
				84FADF5023FE8F9600C824C6 /* Main.storyboard in Resources */,
				84EEC64123D537FC005627FF /* Order.storyboard in Resources */,
			);
			runOnlyForDeploymentPostprocessing = 0;
		};
/* End PBXResourcesBuildPhase section */

/* Begin PBXShellScriptBuildPhase section */
		9933A729319B88E17D03668A /* [CP] Check Pods Manifest.lock */ = {
			isa = PBXShellScriptBuildPhase;
			buildActionMask = 2147483647;
			files = (
			);
			inputFileListPaths = (
			);
			inputPaths = (
				"${PODS_PODFILE_DIR_PATH}/Podfile.lock",
				"${PODS_ROOT}/Manifest.lock",
			);
			name = "[CP] Check Pods Manifest.lock";
			outputFileListPaths = (
			);
			outputPaths = (
				"$(DERIVED_FILE_DIR)/Pods-seven_tea-checkManifestLockResult.txt",
			);
			runOnlyForDeploymentPostprocessing = 0;
			shellPath = /bin/sh;
			shellScript = "diff \"${PODS_PODFILE_DIR_PATH}/Podfile.lock\" \"${PODS_ROOT}/Manifest.lock\" > /dev/null\nif [ $? != 0 ] ; then\n    # print error to STDERR\n    echo \"error: The sandbox is not in sync with the Podfile.lock. Run 'pod install' or update your CocoaPods installation.\" >&2\n    exit 1\nfi\n# This output is used by Xcode 'outputs' to avoid re-running this script phase.\necho \"SUCCESS\" > \"${SCRIPT_OUTPUT_FILE_0}\"\n";
			showEnvVarsInLog = 0;
		};
		BFD16C26740F825552D70C32 /* [CP] Embed Pods Frameworks */ = {
			isa = PBXShellScriptBuildPhase;
			buildActionMask = 2147483647;
			files = (
			);
			inputFileListPaths = (
				"${PODS_ROOT}/Target Support Files/Pods-seven_tea/Pods-seven_tea-frameworks-${CONFIGURATION}-input-files.xcfilelist",
			);
			name = "[CP] Embed Pods Frameworks";
			outputFileListPaths = (
				"${PODS_ROOT}/Target Support Files/Pods-seven_tea/Pods-seven_tea-frameworks-${CONFIGURATION}-output-files.xcfilelist",
			);
			runOnlyForDeploymentPostprocessing = 0;
			shellPath = /bin/sh;
			shellScript = "\"${PODS_ROOT}/Target Support Files/Pods-seven_tea/Pods-seven_tea-frameworks.sh\"\n";
			showEnvVarsInLog = 0;
		};
/* End PBXShellScriptBuildPhase section */

/* Begin PBXSourcesBuildPhase section */
		84EEC5C423D1C314005627FF /* Sources */ = {
			isa = PBXSourcesBuildPhase;
			buildActionMask = 2147483647;
			files = (
				84874E6624629F1500232FB9 /* AddMyFavoriteApi.swift in Sources */,
				84F7C88B23EA91A60097EAD0 /* Animate.swift in Sources */,
				84874E61246292C000232FB9 /* MemberInfoAddress.swift in Sources */,
				8490F2662435E94B00A59020 /* Order.swift in Sources */,
				84874E2824594B6600232FB9 /* SugarCollectionViewCell.swift in Sources */,
				84FADF4623FE88CE00C824C6 /* AppOverAllStyle.swift in Sources */,
				8490F24E2429F59800A59020 /* NearbyStoresTableViewCell.swift in Sources */,
				842553A02445A314004C9B23 /* MarketingBannerApi.swift in Sources */,
				84C0CF672463BDC2006A3DE0 /* GetShoppingDetail.swift in Sources */,
				84C0CF6B2463F5C0006A3DE0 /* UpdateShoppingCarApi.swift in Sources */,
				84255382243F27B5004C9B23 /* MenuDetailViewController.swift in Sources */,
				84FADF4923FE8B0100C824C6 /* JumpPage.swift in Sources */,
				84EEC5D023D1C314005627FF /* ViewController.swift in Sources */,
				84874E39245EC37F00232FB9 /* ProductHotTemp.swift in Sources */,
				84F7C89123EAD1C90097EAD0 /* LoginCodable.swift in Sources */,
				84EEC63123D4222E005627FF /* FrequentlyAskedQuestionsModelController.swift in Sources */,
				84D09B47241A2B7C0019A0B4 /* MessageNotifyAPI.swift in Sources */,
				84EEC5CC23D1C314005627FF /* AppDelegate.swift in Sources */,
				84572B192422082200E11696 /* HomeCollectionViewCell.swift in Sources */,
				84C2E2BB23ED26A7008AB33F /* ResetPasswordViewController.swift in Sources */,
				84874E5F246292B800232FB9 /* MemberInfoCodable.swift in Sources */,
				84479E912446FE5500D10DBA /* DistrictTagCodable.swift in Sources */,
				8490F25A242CB51500A59020 /* ShopCarTableViewCell.swift in Sources */,
				8425539624459B64004C9B23 /* LoadingBanner.swift in Sources */,
				84FADF2623F675D200C824C6 /* SendMemberRegisterInfoViewController.swift in Sources */,
				84874E4F24600E4300232FB9 /* GetShopingCarMessage.swift in Sources */,
				84FADF3123F78AB300C824C6 /* RegexMessage.swift in Sources */,
				8425539C24459D0D004C9B23 /* PromotionBanner.swift in Sources */,
				8425538624407540004C9B23 /* FeedCollectionViewCell.swift in Sources */,
				84479E952446FF0600D10DBA /* DistrictTag.swift in Sources */,
				84874E33245EB28100232FB9 /* FeedBackOptionApi.swift in Sources */,
				84D09B442418E6190019A0B4 /* AddFeedBackViewController.swift in Sources */,
				84255384243F27B5004C9B23 /* MenuDetailService.swift in Sources */,
				8425539E2445A0CD004C9B23 /* LoadingBannerApi.swift in Sources */,
				84874E202455C04700232FB9 /* ProductSugar.swift in Sources */,
				84FADF2823F6775600C824C6 /* MemberRegiseterViewController.swift in Sources */,
				8490F25D242F8A8300A59020 /* OrderViewController.swift in Sources */,
				84F7C88523E7FE460097EAD0 /* MessageAlert.swift in Sources */,
				84874E0A244F04A300232FB9 /* VerifyEmailApi.swift in Sources */,
				84EEC62D23D421EE005627FF /* GetMemberCenterMessage.swift in Sources */,
				84C0CF692463F5B2006A3DE0 /* UpdateShoppingCarCodable.swift in Sources */,
				84874E6824629F3B00232FB9 /* AddMyFavoriteCodable.swift in Sources */,
				84EEC62F23D4220D005627FF /* MyFavoriteModelController.swift in Sources */,
				84EEC61523D4156F005627FF /* FrequentlyAskedQuestionsCodable.swift in Sources */,
				84D09B422418E5220019A0B4 /* FeedBackViewController.swift in Sources */,
				84D09B362417437B0019A0B4 /* SetNotifyTableViewController.swift in Sources */,
				84874E222455C09200232FB9 /* ProductAdd.swift in Sources */,
				84EEC5EC23D410B8005627FF /* MemberRegisterSmsCodable.swift in Sources */,
				84F7C88D23EAD19F0097EAD0 /* LogInViewController.swift in Sources */,
				84C0CF6D2463F638006A3DE0 /* Params.swift in Sources */,
				84C0CF71246A743F006A3DE0 /* DeleteSingleItemApi.swift in Sources */,
				84479E8C2446F9A800D10DBA /* ApiUrl.swift in Sources */,
				84C2E2B323EBEB5B008AB33F /* ResetPasswordApi.swift in Sources */,
				8454AA1B244EC174008FB05E /* GetStoresApi.swift in Sources */,
				84D09B4D241F21810019A0B4 /* VoucherViewController.swift in Sources */,
				84874E37245EB3B100232FB9 /* FeedBackOption.swift in Sources */,
				84874E2D245EAC2100232FB9 /* SendSetVerifyEmailApi.swift in Sources */,
				84EEC64823D68429005627FF /* Location.swift in Sources */,
				842553A22445ABF5004C9B23 /* SlideBannerApi.swift in Sources */,
				84FADF2C23F678B600C824C6 /* SendMemberRegistrViewController.swift in Sources */,
				84FADF1F23F66FDA00C824C6 /* SendMemberRegisterInfoApi.swift in Sources */,
				84D09B3324163FA50019A0B4 /* GenderTableViewController.swift in Sources */,
				8490F258242CB50700A59020 /* ShopcCarViewController.swift in Sources */,
				84479E8F2446FD2300D10DBA /* CityTagCodable.swift in Sources */,
				84874E1E2455BFF800232FB9 /* ProductTemp.swift in Sources */,
				84EEC61923D415A8005627FF /* MyFavoriteApi.swift in Sources */,
				84479E972447001D00D10DBA /* CityTagApi.swift in Sources */,
				84C0CF75246E84BE006A3DE0 /* ConfirmOrderTableViewCell.swift in Sources */,
				84874E112452D6E800232FB9 /* GetMenuCategory.swift in Sources */,
				84C2E2B823EBF921008AB33F /* ForgotPasswordViewController.swift in Sources */,
				84D09B3E2418B4250019A0B4 /* SetNameViewController.swift in Sources */,
				84C2E2AB23EBDD7F008AB33F /* ForgerPasswordSmsApi.swift in Sources */,
				84316C092410D0A9002CD226 /* AccountFomationViewController.swift in Sources */,
				84D09B402418E5070019A0B4 /* FeedBackTableViewCell.swift in Sources */,
				84C2E2AF23EBE084008AB33F /* SendResetForgotPasswordApi.swift in Sources */,
				84EEC60D23D41503005627FF /* MyFavoriteViewController.swift in Sources */,
				84C0CF632463BA5B006A3DE0 /* GetShoppingCarApi.swift in Sources */,
				84C0CF6F246A723F006A3DE0 /* DeleteSingleItem.swift in Sources */,
				84874E2A2459688400232FB9 /* ProductIceTemp.swift in Sources */,
				84FADF3523F7CAB400C824C6 /* UIelementsController.swift in Sources */,
				84316C1124124600002CD226 /* FrequentlyAskedQuestionsViewController.swift in Sources */,
				8425539A24459C8F004C9B23 /* SlideBanner.swift in Sources */,
				84C0CF652463BA69006A3DE0 /* GetShoppingCarItem.swift in Sources */,
				84FADF1923F66A7F00C824C6 /* MemberRegiseterSmsApi.swift in Sources */,
				84EEC62623D4215C005627FF /* getLoginMessage.swift in Sources */,
				84C2E2AD23EBDE93008AB33F /* ForgotPasswordSmsCodable.swift in Sources */,
				84D09B3A24177FA10019A0B4 /* SetPasswordViewController.swift in Sources */,
				84EEC62823D4216C005627FF /* SingUpModelController.swift in Sources */,
				84FADF1B23F66CBE00C824C6 /* MemberRegisterInfoCodable.swift in Sources */,
				84874E0E2452B37400232FB9 /* GpsGetStoresApi.swift in Sources */,
				84874E08244F048900232FB9 /* VerifyEmailCodable.swift in Sources */,
				8425538E24459902004C9B23 /* LoadingBannerCodable.swift in Sources */,
				84C2E2B123EBE8B1008AB33F /* SendResetForgotPasswordCodable.swift in Sources */,
				84479E9B2447027100D10DBA /* DistricTagApi.swift in Sources */,
				84EEC5F423D4127C005627FF /* UserInfo.swift in Sources */,
				84EEC5F823D412BB005627FF /* Account.swift in Sources */,
				84FADF2423F674B400C824C6 /* VerificationCodeTimer.swift in Sources */,
				84EEC61323D4155C005627FF /* FrequentlyAskedQuestionsApi.swift in Sources */,
				84EEC5F623D412AF005627FF /* AccountCodable.swift in Sources */,
				84D09B3C241783D10019A0B4 /* SetEmailViewController.swift in Sources */,
				84C0CF73246E84A2006A3DE0 /* ConfirmOrderViewController.swift in Sources */,
				84874E2624594B5900232FB9 /* TempCollectionViewCell.swift in Sources */,
				84EEC5CE23D1C314005627FF /* SceneDelegate.swift in Sources */,
				8425538C24459826004C9B23 /* MarketingBannerCodable.swift in Sources */,
				8490F264243318E100A59020 /* OrderColadable.swift in Sources */,
				84874E182454306700232FB9 /* GetMenuProductApi.swift in Sources */,
				84FADF4E23FE8B9500C824C6 /* GetMemberRegisterMessage.swift in Sources */,
				84479E932446FEF900D10DBA /* CityTag.swift in Sources */,
				84874E132452D86200232FB9 /* GetMenuCategoryApi.swift in Sources */,
				84EEC61D23D415CB005627FF /* MyFavorite.swift in Sources */,
				84874E2F245EAC3200232FB9 /* SendSetVerifyEmailCodable.swift in Sources */,
				84316C0F2411FB72002CD226 /* MyFavoriteTableViewCell.swift in Sources */,
				84255383243F27B5004C9B23 /* MenuViewController.swift in Sources */,
				84FADF2123F6712800C824C6 /* SendMemberRegistrApi.swift in Sources */,
				84572B1B2422088A00E11696 /* HomeViewController.swift in Sources */,
				84874E2424570F2C00232FB9 /* CategoryTableViewCell.swift in Sources */,
				8490F26F243DC44200A59020 /* BannerCollectionViewCell.swift in Sources */,
				84874E48245FFB9400232FB9 /* AddShoppingCarApi.swift in Sources */,
				84EEC60523D41483005627FF /* MenberCenterViewController.swift in Sources */,
				84EEC5FA23D412C9005627FF /* AccountApi.swift in Sources */,
				8490F2622433182F00A59020 /* OrderApi.swift in Sources */,
				84874E1C2455BF1A00232FB9 /* ProductPrice.swift in Sources */,
				8490F25F2431C1D500A59020 /* OrderTableViewCell.swift in Sources */,
				84479EA12449812900D10DBA /* GetStore.swift in Sources */,
				84FADF1D23F66E9200C824C6 /* MemberRegistrtCodable.swift in Sources */,
				842553A42445ADC3004C9B23 /* PromotionBannerApi.swift in Sources */,
				84874E63246292C700232FB9 /* MemberInfoApi.swift in Sources */,
				8490F24C2429B30300A59020 /* NearbyStoresViewController.swift in Sources */,
				84874E1A245436C900232FB9 /* ProductSize.swift in Sources */,
				84C2E2B523EBF0A3008AB33F /* ResetPasswordCodable.swift in Sources */,
				842553882445953F004C9B23 /* PromotionBannerCodable.swift in Sources */,
				84F7C88023E5E9D70097EAD0 /* Regex.swift in Sources */,
				84FADF4C23FE8B4E00C824C6 /* PredicatesFunc.swift in Sources */,
				84EEC61723D41586005627FF /* FrequentlyAskedQuestions.swift in Sources */,
				84874E0C244F2DAE00232FB9 /* OpeningTime.swift in Sources */,
				84874E162454305500232FB9 /* GetMenuProduct.swift in Sources */,
				84F7C89023EAD1C90097EAD0 /* LoginApi.swift in Sources */,
				84D09B4F241F21A20019A0B4 /* VoucherTableViewCell.swift in Sources */,
				8425539824459C07004C9B23 /* MarkeringBanner.swift in Sources */,
				84316C02240E5CFF002CD226 /* AllList.swift in Sources */,
				84874E4A245FFB9F00232FB9 /* AddShoppingCarCodable.swift in Sources */,
				84D09B49241A2C130019A0B4 /* MessageNotifyCodable.swift in Sources */,
				84EEC61B23D415B5005627FF /* MyFavoriteCodable.swift in Sources */,
				8490F253242CA34C00A59020 /* MenuTableViewCell.swift in Sources */,
				84874E35245EB29200232FB9 /* FeedBackOptionCodable.swift in Sources */,
				8425538A244596B5004C9B23 /* SlideBannerCodable.swift in Sources */,
			);
			runOnlyForDeploymentPostprocessing = 0;
		};
/* End PBXSourcesBuildPhase section */

/* Begin PBXVariantGroup section */
		84EEC5D623D1C315005627FF /* LaunchScreen.storyboard */ = {
			isa = PBXVariantGroup;
			children = (
				84EEC5D723D1C315005627FF /* Base */,
			);
			name = LaunchScreen.storyboard;
			sourceTree = "<group>";
		};
/* End PBXVariantGroup section */

/* Begin XCBuildConfiguration section */
		84EEC5DA23D1C315005627FF /* Debug */ = {
			isa = XCBuildConfiguration;
			buildSettings = {
				ALWAYS_SEARCH_USER_PATHS = NO;
				CLANG_ANALYZER_NONNULL = YES;
				CLANG_ANALYZER_NUMBER_OBJECT_CONVERSION = YES_AGGRESSIVE;
				CLANG_CXX_LANGUAGE_STANDARD = "gnu++14";
				CLANG_CXX_LIBRARY = "libc++";
				CLANG_ENABLE_MODULES = YES;
				CLANG_ENABLE_OBJC_ARC = YES;
				CLANG_ENABLE_OBJC_WEAK = YES;
				CLANG_WARN_BLOCK_CAPTURE_AUTORELEASING = YES;
				CLANG_WARN_BOOL_CONVERSION = YES;
				CLANG_WARN_COMMA = YES;
				CLANG_WARN_CONSTANT_CONVERSION = YES;
				CLANG_WARN_DEPRECATED_OBJC_IMPLEMENTATIONS = YES;
				CLANG_WARN_DIRECT_OBJC_ISA_USAGE = YES_ERROR;
				CLANG_WARN_DOCUMENTATION_COMMENTS = YES;
				CLANG_WARN_EMPTY_BODY = YES;
				CLANG_WARN_ENUM_CONVERSION = YES;
				CLANG_WARN_INFINITE_RECURSION = YES;
				CLANG_WARN_INT_CONVERSION = YES;
				CLANG_WARN_NON_LITERAL_NULL_CONVERSION = YES;
				CLANG_WARN_OBJC_IMPLICIT_RETAIN_SELF = YES;
				CLANG_WARN_OBJC_LITERAL_CONVERSION = YES;
				CLANG_WARN_OBJC_ROOT_CLASS = YES_ERROR;
				CLANG_WARN_RANGE_LOOP_ANALYSIS = YES;
				CLANG_WARN_STRICT_PROTOTYPES = YES;
				CLANG_WARN_SUSPICIOUS_MOVE = YES;
				CLANG_WARN_UNGUARDED_AVAILABILITY = YES_AGGRESSIVE;
				CLANG_WARN_UNREACHABLE_CODE = YES;
				CLANG_WARN__DUPLICATE_METHOD_MATCH = YES;
				COPY_PHASE_STRIP = NO;
				DEBUG_INFORMATION_FORMAT = dwarf;
				ENABLE_STRICT_OBJC_MSGSEND = YES;
				ENABLE_TESTABILITY = YES;
				GCC_C_LANGUAGE_STANDARD = gnu11;
				GCC_DYNAMIC_NO_PIC = NO;
				GCC_NO_COMMON_BLOCKS = YES;
				GCC_OPTIMIZATION_LEVEL = 0;
				GCC_PREPROCESSOR_DEFINITIONS = (
					"DEBUG=1",
					"$(inherited)",
				);
				GCC_WARN_64_TO_32_BIT_CONVERSION = YES;
				GCC_WARN_ABOUT_RETURN_TYPE = YES_ERROR;
				GCC_WARN_UNDECLARED_SELECTOR = YES;
				GCC_WARN_UNINITIALIZED_AUTOS = YES_AGGRESSIVE;
				GCC_WARN_UNUSED_FUNCTION = YES;
				GCC_WARN_UNUSED_VARIABLE = YES;
				IPHONEOS_DEPLOYMENT_TARGET = 13.2;
				MTL_ENABLE_DEBUG_INFO = INCLUDE_SOURCE;
				MTL_FAST_MATH = YES;
				ONLY_ACTIVE_ARCH = YES;
				SDKROOT = iphoneos;
				SWIFT_ACTIVE_COMPILATION_CONDITIONS = DEBUG;
				SWIFT_OPTIMIZATION_LEVEL = "-Onone";
				SWIFT_VERSION = 5.0;
			};
			name = Debug;
		};
		84EEC5DB23D1C315005627FF /* Release */ = {
			isa = XCBuildConfiguration;
			buildSettings = {
				ALWAYS_SEARCH_USER_PATHS = NO;
				CLANG_ANALYZER_NONNULL = YES;
				CLANG_ANALYZER_NUMBER_OBJECT_CONVERSION = YES_AGGRESSIVE;
				CLANG_CXX_LANGUAGE_STANDARD = "gnu++14";
				CLANG_CXX_LIBRARY = "libc++";
				CLANG_ENABLE_MODULES = YES;
				CLANG_ENABLE_OBJC_ARC = YES;
				CLANG_ENABLE_OBJC_WEAK = YES;
				CLANG_WARN_BLOCK_CAPTURE_AUTORELEASING = YES;
				CLANG_WARN_BOOL_CONVERSION = YES;
				CLANG_WARN_COMMA = YES;
				CLANG_WARN_CONSTANT_CONVERSION = YES;
				CLANG_WARN_DEPRECATED_OBJC_IMPLEMENTATIONS = YES;
				CLANG_WARN_DIRECT_OBJC_ISA_USAGE = YES_ERROR;
				CLANG_WARN_DOCUMENTATION_COMMENTS = YES;
				CLANG_WARN_EMPTY_BODY = YES;
				CLANG_WARN_ENUM_CONVERSION = YES;
				CLANG_WARN_INFINITE_RECURSION = YES;
				CLANG_WARN_INT_CONVERSION = YES;
				CLANG_WARN_NON_LITERAL_NULL_CONVERSION = YES;
				CLANG_WARN_OBJC_IMPLICIT_RETAIN_SELF = YES;
				CLANG_WARN_OBJC_LITERAL_CONVERSION = YES;
				CLANG_WARN_OBJC_ROOT_CLASS = YES_ERROR;
				CLANG_WARN_RANGE_LOOP_ANALYSIS = YES;
				CLANG_WARN_STRICT_PROTOTYPES = YES;
				CLANG_WARN_SUSPICIOUS_MOVE = YES;
				CLANG_WARN_UNGUARDED_AVAILABILITY = YES_AGGRESSIVE;
				CLANG_WARN_UNREACHABLE_CODE = YES;
				CLANG_WARN__DUPLICATE_METHOD_MATCH = YES;
				COPY_PHASE_STRIP = NO;
				DEBUG_INFORMATION_FORMAT = "dwarf-with-dsym";
				ENABLE_NS_ASSERTIONS = NO;
				ENABLE_STRICT_OBJC_MSGSEND = YES;
				GCC_C_LANGUAGE_STANDARD = gnu11;
				GCC_NO_COMMON_BLOCKS = YES;
				GCC_WARN_64_TO_32_BIT_CONVERSION = YES;
				GCC_WARN_ABOUT_RETURN_TYPE = YES_ERROR;
				GCC_WARN_UNDECLARED_SELECTOR = YES;
				GCC_WARN_UNINITIALIZED_AUTOS = YES_AGGRESSIVE;
				GCC_WARN_UNUSED_FUNCTION = YES;
				GCC_WARN_UNUSED_VARIABLE = YES;
				IPHONEOS_DEPLOYMENT_TARGET = 13.2;
				MTL_ENABLE_DEBUG_INFO = NO;
				MTL_FAST_MATH = YES;
				SDKROOT = iphoneos;
				SWIFT_COMPILATION_MODE = wholemodule;
				SWIFT_OPTIMIZATION_LEVEL = "-O";
				SWIFT_VERSION = 5.0;
				VALIDATE_PRODUCT = YES;
			};
			name = Release;
		};
		84EEC5DD23D1C315005627FF /* Debug */ = {
			isa = XCBuildConfiguration;
			baseConfigurationReference = CC0F84A34AE3A05ED5B91CDE /* Pods-seven_tea.debug.xcconfig */;
			buildSettings = {
				ASSETCATALOG_COMPILER_APPICON_NAME = AppIcon;
				CODE_SIGN_STYLE = Automatic;
				DEVELOPMENT_TEAM = DHJS994SDN;
				INFOPLIST_FILE = seven_tea/Info.plist;
				LD_RUNPATH_SEARCH_PATHS = (
					"$(inherited)",
					"@executable_path/Frameworks",
				);
				PRODUCT_BUNDLE_IDENTIFIER = "com.harrison.seven-tea";
				PRODUCT_NAME = "$(TARGET_NAME)";
				SWIFT_VERSION = 5.0;
				TARGETED_DEVICE_FAMILY = "1,2";
			};
			name = Debug;
		};
		84EEC5DE23D1C315005627FF /* Release */ = {
			isa = XCBuildConfiguration;
			baseConfigurationReference = 34C1A446550C46E86D532640 /* Pods-seven_tea.release.xcconfig */;
			buildSettings = {
				ASSETCATALOG_COMPILER_APPICON_NAME = AppIcon;
				CODE_SIGN_STYLE = Automatic;
				DEVELOPMENT_TEAM = DHJS994SDN;
				INFOPLIST_FILE = seven_tea/Info.plist;
				LD_RUNPATH_SEARCH_PATHS = (
					"$(inherited)",
					"@executable_path/Frameworks",
				);
				PRODUCT_BUNDLE_IDENTIFIER = "com.harrison.seven-tea";
				PRODUCT_NAME = "$(TARGET_NAME)";
				SWIFT_VERSION = 5.0;
				TARGETED_DEVICE_FAMILY = "1,2";
			};
			name = Release;
		};
/* End XCBuildConfiguration section */

/* Begin XCConfigurationList section */
		84EEC5C323D1C314005627FF /* Build configuration list for PBXProject "seven_tea" */ = {
			isa = XCConfigurationList;
			buildConfigurations = (
				84EEC5DA23D1C315005627FF /* Debug */,
				84EEC5DB23D1C315005627FF /* Release */,
			);
			defaultConfigurationIsVisible = 0;
			defaultConfigurationName = Release;
		};
		84EEC5DC23D1C315005627FF /* Build configuration list for PBXNativeTarget "seven_tea" */ = {
			isa = XCConfigurationList;
			buildConfigurations = (
				84EEC5DD23D1C315005627FF /* Debug */,
				84EEC5DE23D1C315005627FF /* Release */,
			);
			defaultConfigurationIsVisible = 0;
			defaultConfigurationName = Release;
		};
/* End XCConfigurationList section */
	};
	rootObject = 84EEC5C023D1C314005627FF /* Project object */;
}
